// !$*UTF8*$!
{
	archiveVersion = 1;
	classes = {
	};
	objectVersion = 52;
	objects = {

/* Begin PBXBuildFile section */
		151A063926E27F9800F8760D /* DataRepository.swift in Sources */ = {isa = PBXBuildFile; fileRef = 151A063826E27F9800F8760D /* DataRepository.swift */; };
		151AB5E72636D45800585BFC /* LottieUnlikeButtonView.swift in Sources */ = {isa = PBXBuildFile; fileRef = 151AB5E62636D45800585BFC /* LottieUnlikeButtonView.swift */; };
		152CDB60266FEB1F003B65C4 /* LegacyTextField.swift in Sources */ = {isa = PBXBuildFile; fileRef = 152CDB5F266FEB1F003B65C4 /* LegacyTextField.swift */; };
		152E826B2635CA46002950E6 /* heart_like.json in Resources */ = {isa = PBXBuildFile; fileRef = 152E826A2635CA46002950E6 /* heart_like.json */; };
		152E82712635CB01002950E6 /* LottieLikeButtonView.swift in Sources */ = {isa = PBXBuildFile; fileRef = 152E82702635CB01002950E6 /* LottieLikeButtonView.swift */; };
		152F3C492649B53F000D564B /* SlideOverCard in Frameworks */ = {isa = PBXBuildFile; productRef = 152F3C482649B53F000D564B /* SlideOverCard */; };
		152F3C4B264C6F71000D564B /* SearchBarButton.swift in Sources */ = {isa = PBXBuildFile; fileRef = 152F3C4A264C6F71000D564B /* SearchBarButton.swift */; };
		15300A88266C1F47000AAAF6 /* SearchCriteria.swift in Sources */ = {isa = PBXBuildFile; fileRef = 15300A87266C1F47000AAAF6 /* SearchCriteria.swift */; };
		1539F18026E4ED67009889B5 /* FirstnameDataModel.swift in Sources */ = {isa = PBXBuildFile; fileRef = 1539F17F26E4ED67009889B5 /* FirstnameDataModel.swift */; };
		1544144F264F52BD00BA6887 /* Colors.xcassets in Resources */ = {isa = PBXBuildFile; fileRef = 1544144E264F52BD00BA6887 /* Colors.xcassets */; };
		15515FC52677D04B009C2BDF /* Realm in Frameworks */ = {isa = PBXBuildFile; productRef = 15515FC42677D04B009C2BDF /* Realm */; };
		15515FC72677D04B009C2BDF /* RealmSwift in Frameworks */ = {isa = PBXBuildFile; productRef = 15515FC62677D04B009C2BDF /* RealmSwift */; };
		15515FC92677D423009C2BDF /* FirstnameDB.swift in Sources */ = {isa = PBXBuildFile; fileRef = 15515FC82677D423009C2BDF /* FirstnameDB.swift */; };
		15515FCC2677E35F009C2BDF /* MOCK_DATA.json in Resources */ = {isa = PBXBuildFile; fileRef = 15515FCB2677E35F009C2BDF /* MOCK_DATA.json */; };
		15515FCE2677E39A009C2BDF /* FirstnamesMock.swift in Sources */ = {isa = PBXBuildFile; fileRef = 15515FCD2677E39A009C2BDF /* FirstnamesMock.swift */; };
		15640716266836830084908F /* Vibration.swift in Sources */ = {isa = PBXBuildFile; fileRef = 15640715266836830084908F /* Vibration.swift */; };
		15645E86263B54E20017E8B7 /* AdaptiveView.swift in Sources */ = {isa = PBXBuildFile; fileRef = 15645E85263B54E20017E8B7 /* AdaptiveView.swift */; };
		15645E88263B5B8B0017E8B7 /* LandscapeModifier.swift in Sources */ = {isa = PBXBuildFile; fileRef = 15645E87263B5B8B0017E8B7 /* LandscapeModifier.swift */; };
		156F0AE22608172F0076AB4B /* PrenomAfricainsApp.swift in Sources */ = {isa = PBXBuildFile; fileRef = 156F0AE12608172F0076AB4B /* PrenomAfricainsApp.swift */; };
		156F0AE42608172F0076AB4B /* ContentView.swift in Sources */ = {isa = PBXBuildFile; fileRef = 156F0AE32608172F0076AB4B /* ContentView.swift */; };
		156F0AE6260817300076AB4B /* Assets.xcassets in Resources */ = {isa = PBXBuildFile; fileRef = 156F0AE5260817300076AB4B /* Assets.xcassets */; };
		156F0AE9260817300076AB4B /* Preview Assets.xcassets in Resources */ = {isa = PBXBuildFile; fileRef = 156F0AE8260817300076AB4B /* Preview Assets.xcassets */; };
		156F0AF4260817300076AB4B /* PrenomAfricainsTests.swift in Sources */ = {isa = PBXBuildFile; fileRef = 156F0AF3260817300076AB4B /* PrenomAfricainsTests.swift */; };
		156F0AFF260817300076AB4B /* PrenomAfricainsUITests.swift in Sources */ = {isa = PBXBuildFile; fileRef = 156F0AFE260817300076AB4B /* PrenomAfricainsUITests.swift */; };
		156F0B11260817690076AB4B /* CircleFirstName.swift in Sources */ = {isa = PBXBuildFile; fileRef = 156F0B10260817690076AB4B /* CircleFirstName.swift */; };
		156F0B1A26081CA60076AB4B /* Lottie in Frameworks */ = {isa = PBXBuildFile; productRef = 156F0B1926081CA60076AB4B /* Lottie */; };
		156F0B2226081D6C0076AB4B /* sound.json in Resources */ = {isa = PBXBuildFile; fileRef = 156F0B2126081D6C0076AB4B /* sound.json */; };
		156F0B2726081DA40076AB4B /* LottieView.swift in Sources */ = {isa = PBXBuildFile; fileRef = 156F0B2626081DA40076AB4B /* LottieView.swift */; };
		156F0B2C260821470076AB4B /* DescriptionView.swift in Sources */ = {isa = PBXBuildFile; fileRef = 156F0B2B260821470076AB4B /* DescriptionView.swift */; };
		156F0B32260825910076AB4B /* MainScreen.swift in Sources */ = {isa = PBXBuildFile; fileRef = 156F0B31260825910076AB4B /* MainScreen.swift */; };
		15A134BC272476EB0019AE90 /* md-male-select.json in Resources */ = {isa = PBXBuildFile; fileRef = 15A134BB272476EB0019AE90 /* md-male-select.json */; };
		15ABCB3C262A564B00036B3E /* PrenomAfricainsSlowTests.swift in Sources */ = {isa = PBXBuildFile; fileRef = 15ABCB3B262A564B00036B3E /* PrenomAfricainsSlowTests.swift */; };
		15ABCB48262A59B600036B3E /* NetworkMonitor.swift in Sources */ = {isa = PBXBuildFile; fileRef = 15ABCB47262A59B600036B3E /* NetworkMonitor.swift */; };
		15BE326E2624D0E700D8DC8D /* Alamofire in Frameworks */ = {isa = PBXBuildFile; productRef = 15BE326D2624D0E700D8DC8D /* Alamofire */; };
		15CAC5212646D7F7007E838C /* SearchBarView.swift in Sources */ = {isa = PBXBuildFile; fileRef = 15CAC5202646D7F7007E838C /* SearchBarView.swift */; };
		15CAC5232646E837007E838C /* SearchScreen.swift in Sources */ = {isa = PBXBuildFile; fileRef = 15CAC5222646E837007E838C /* SearchScreen.swift */; };
		15CAC5252646ECF1007E838C /* ChipsOptionView.swift in Sources */ = {isa = PBXBuildFile; fileRef = 15CAC5242646ECF1007E838C /* ChipsOptionView.swift */; };
		15D4A12E2723752000D8BCA4 /* md-female-select.json in Resources */ = {isa = PBXBuildFile; fileRef = 15D4A12D2723752000D8BCA4 /* md-female-select.json */; };
		15E8DE432662E0050036A99F /* Localizable.strings in Resources */ = {isa = PBXBuildFile; fileRef = 15E8DE422662E0050036A99F /* Localizable.strings */; };
		15E8DE45266308DE0036A99F /* ChipsDataModel.swift in Sources */ = {isa = PBXBuildFile; fileRef = 15E8DE44266308DE0036A99F /* ChipsDataModel.swift */; };
		15E8DE472663093B0036A99F /* ChipsView.swift in Sources */ = {isa = PBXBuildFile; fileRef = 15E8DE462663093B0036A99F /* ChipsView.swift */; };
		15E8DE49266366390036A99F /* SearchScreenViewModel.swift in Sources */ = {isa = PBXBuildFile; fileRef = 15E8DE48266366390036A99F /* SearchScreenViewModel.swift */; };
		15EA7DE0260921A0006BC8F2 /* MenuView.swift in Sources */ = {isa = PBXBuildFile; fileRef = 15EA7DDF260921A0006BC8F2 /* MenuView.swift */; };
		15EA7DE6260933C8006BC8F2 /* Gender.swift in Sources */ = {isa = PBXBuildFile; fileRef = 15EA7DE5260933C8006BC8F2 /* Gender.swift */; };
		15EA7DF026094112006BC8F2 /* FirstNameViewModel.swift in Sources */ = {isa = PBXBuildFile; fileRef = 15EA7DEF26094112006BC8F2 /* FirstNameViewModel.swift */; };
		15FC2A4726483CF40025BCF3 /* MenuItemEnum.swift in Sources */ = {isa = PBXBuildFile; fileRef = 15FC2A4626483CF40025BCF3 /* MenuItemEnum.swift */; };
		15FC2A4B2648A10B0025BCF3 /* SlidingOverCard.swift in Sources */ = {isa = PBXBuildFile; fileRef = 15FC2A4A2648A10B0025BCF3 /* SlidingOverCard.swift */; };
		15FC2A4D2648A12F0025BCF3 /* Handle.swift in Sources */ = {isa = PBXBuildFile; fileRef = 15FC2A4C2648A12F0025BCF3 /* Handle.swift */; };
/* End PBXBuildFile section */

/* Begin PBXContainerItemProxy section */
		156F0AF0260817300076AB4B /* PBXContainerItemProxy */ = {
			isa = PBXContainerItemProxy;
			containerPortal = 156F0AD62608172F0076AB4B /* Project object */;
			proxyType = 1;
			remoteGlobalIDString = 156F0ADD2608172F0076AB4B;
			remoteInfo = "Prenom Africains";
		};
		156F0AFB260817300076AB4B /* PBXContainerItemProxy */ = {
			isa = PBXContainerItemProxy;
			containerPortal = 156F0AD62608172F0076AB4B /* Project object */;
			proxyType = 1;
			remoteGlobalIDString = 156F0ADD2608172F0076AB4B;
			remoteInfo = "Prenom Africains";
		};
		15ABCB3E262A564B00036B3E /* PBXContainerItemProxy */ = {
			isa = PBXContainerItemProxy;
			containerPortal = 156F0AD62608172F0076AB4B /* Project object */;
			proxyType = 1;
			remoteGlobalIDString = 156F0ADD2608172F0076AB4B;
			remoteInfo = "Prenom Africains";
		};
/* End PBXContainerItemProxy section */

/* Begin PBXFileReference section */
		151A063826E27F9800F8760D /* DataRepository.swift */ = {isa = PBXFileReference; lastKnownFileType = sourcecode.swift; path = DataRepository.swift; sourceTree = "<group>"; };
		151AB5E62636D45800585BFC /* LottieUnlikeButtonView.swift */ = {isa = PBXFileReference; lastKnownFileType = sourcecode.swift; path = LottieUnlikeButtonView.swift; sourceTree = "<group>"; };
		152CDB5F266FEB1F003B65C4 /* LegacyTextField.swift */ = {isa = PBXFileReference; lastKnownFileType = sourcecode.swift; path = LegacyTextField.swift; sourceTree = "<group>"; };
		152E826A2635CA46002950E6 /* heart_like.json */ = {isa = PBXFileReference; fileEncoding = 4; lastKnownFileType = text.json; path = heart_like.json; sourceTree = "<group>"; };
		152E82702635CB01002950E6 /* LottieLikeButtonView.swift */ = {isa = PBXFileReference; lastKnownFileType = sourcecode.swift; path = LottieLikeButtonView.swift; sourceTree = "<group>"; };
		152F3C4A264C6F71000D564B /* SearchBarButton.swift */ = {isa = PBXFileReference; lastKnownFileType = sourcecode.swift; path = SearchBarButton.swift; sourceTree = "<group>"; };
		15300A87266C1F47000AAAF6 /* SearchCriteria.swift */ = {isa = PBXFileReference; lastKnownFileType = sourcecode.swift; path = SearchCriteria.swift; sourceTree = "<group>"; };
		1539F17F26E4ED67009889B5 /* FirstnameDataModel.swift */ = {isa = PBXFileReference; fileEncoding = 4; lastKnownFileType = sourcecode.swift; path = FirstnameDataModel.swift; sourceTree = "<group>"; };
		1544144E264F52BD00BA6887 /* Colors.xcassets */ = {isa = PBXFileReference; lastKnownFileType = folder.assetcatalog; path = Colors.xcassets; sourceTree = "<group>"; };
		15515FC82677D423009C2BDF /* FirstnameDB.swift */ = {isa = PBXFileReference; lastKnownFileType = sourcecode.swift; path = FirstnameDB.swift; sourceTree = "<group>"; };
		15515FCB2677E35F009C2BDF /* MOCK_DATA.json */ = {isa = PBXFileReference; fileEncoding = 4; lastKnownFileType = text.json; path = MOCK_DATA.json; sourceTree = "<group>"; };
		15515FCD2677E39A009C2BDF /* FirstnamesMock.swift */ = {isa = PBXFileReference; lastKnownFileType = sourcecode.swift; path = FirstnamesMock.swift; sourceTree = "<group>"; };
		15640715266836830084908F /* Vibration.swift */ = {isa = PBXFileReference; lastKnownFileType = sourcecode.swift; path = Vibration.swift; sourceTree = "<group>"; };
		15645E85263B54E20017E8B7 /* AdaptiveView.swift */ = {isa = PBXFileReference; lastKnownFileType = sourcecode.swift; path = AdaptiveView.swift; sourceTree = "<group>"; };
		15645E87263B5B8B0017E8B7 /* LandscapeModifier.swift */ = {isa = PBXFileReference; lastKnownFileType = sourcecode.swift; path = LandscapeModifier.swift; sourceTree = "<group>"; };
		156F0ADE2608172F0076AB4B /* Prenom Africains.app */ = {isa = PBXFileReference; explicitFileType = wrapper.application; includeInIndex = 0; path = "Prenom Africains.app"; sourceTree = BUILT_PRODUCTS_DIR; };
		156F0AE12608172F0076AB4B /* PrenomAfricainsApp.swift */ = {isa = PBXFileReference; lastKnownFileType = sourcecode.swift; path = PrenomAfricainsApp.swift; sourceTree = "<group>"; };
		156F0AE32608172F0076AB4B /* ContentView.swift */ = {isa = PBXFileReference; lastKnownFileType = sourcecode.swift; path = ContentView.swift; sourceTree = "<group>"; };
		156F0AE5260817300076AB4B /* Assets.xcassets */ = {isa = PBXFileReference; lastKnownFileType = folder.assetcatalog; path = Assets.xcassets; sourceTree = "<group>"; };
		156F0AE8260817300076AB4B /* Preview Assets.xcassets */ = {isa = PBXFileReference; lastKnownFileType = folder.assetcatalog; path = "Preview Assets.xcassets"; sourceTree = "<group>"; };
		156F0AEA260817300076AB4B /* Info.plist */ = {isa = PBXFileReference; lastKnownFileType = text.plist.xml; path = Info.plist; sourceTree = "<group>"; };
		156F0AEF260817300076AB4B /* Prenom AfricainsTests.xctest */ = {isa = PBXFileReference; explicitFileType = wrapper.cfbundle; includeInIndex = 0; path = "Prenom AfricainsTests.xctest"; sourceTree = BUILT_PRODUCTS_DIR; };
		156F0AF3260817300076AB4B /* PrenomAfricainsTests.swift */ = {isa = PBXFileReference; lastKnownFileType = sourcecode.swift; path = PrenomAfricainsTests.swift; sourceTree = "<group>"; };
		156F0AF5260817300076AB4B /* Info.plist */ = {isa = PBXFileReference; lastKnownFileType = text.plist.xml; path = Info.plist; sourceTree = "<group>"; };
		156F0AFA260817300076AB4B /* Prenom AfricainsUITests.xctest */ = {isa = PBXFileReference; explicitFileType = wrapper.cfbundle; includeInIndex = 0; path = "Prenom AfricainsUITests.xctest"; sourceTree = BUILT_PRODUCTS_DIR; };
		156F0AFE260817300076AB4B /* PrenomAfricainsUITests.swift */ = {isa = PBXFileReference; lastKnownFileType = sourcecode.swift; path = PrenomAfricainsUITests.swift; sourceTree = "<group>"; };
		156F0B00260817300076AB4B /* Info.plist */ = {isa = PBXFileReference; lastKnownFileType = text.plist.xml; path = Info.plist; sourceTree = "<group>"; };
		156F0B10260817690076AB4B /* CircleFirstName.swift */ = {isa = PBXFileReference; lastKnownFileType = sourcecode.swift; path = CircleFirstName.swift; sourceTree = "<group>"; };
		156F0B2126081D6C0076AB4B /* sound.json */ = {isa = PBXFileReference; fileEncoding = 4; lastKnownFileType = text.json; path = sound.json; sourceTree = "<group>"; };
		156F0B2626081DA40076AB4B /* LottieView.swift */ = {isa = PBXFileReference; lastKnownFileType = sourcecode.swift; path = LottieView.swift; sourceTree = "<group>"; };
		156F0B2B260821470076AB4B /* DescriptionView.swift */ = {isa = PBXFileReference; lastKnownFileType = sourcecode.swift; path = DescriptionView.swift; sourceTree = "<group>"; };
		156F0B31260825910076AB4B /* MainScreen.swift */ = {isa = PBXFileReference; lastKnownFileType = sourcecode.swift; path = MainScreen.swift; sourceTree = "<group>"; };
		15A134BB272476EB0019AE90 /* md-male-select.json */ = {isa = PBXFileReference; fileEncoding = 4; lastKnownFileType = text.json; path = "md-male-select.json"; sourceTree = "<group>"; };
		15ABCB39262A564B00036B3E /* Prenom AfricainsSlowTests.xctest */ = {isa = PBXFileReference; explicitFileType = wrapper.cfbundle; includeInIndex = 0; path = "Prenom AfricainsSlowTests.xctest"; sourceTree = BUILT_PRODUCTS_DIR; };
		15ABCB3B262A564B00036B3E /* PrenomAfricainsSlowTests.swift */ = {isa = PBXFileReference; lastKnownFileType = sourcecode.swift; path = PrenomAfricainsSlowTests.swift; sourceTree = "<group>"; };
		15ABCB3D262A564B00036B3E /* Info.plist */ = {isa = PBXFileReference; lastKnownFileType = text.plist.xml; path = Info.plist; sourceTree = "<group>"; };
		15ABCB47262A59B600036B3E /* NetworkMonitor.swift */ = {isa = PBXFileReference; lastKnownFileType = sourcecode.swift; path = NetworkMonitor.swift; sourceTree = "<group>"; };
		15CAC5202646D7F7007E838C /* SearchBarView.swift */ = {isa = PBXFileReference; lastKnownFileType = sourcecode.swift; path = SearchBarView.swift; sourceTree = "<group>"; };
		15CAC5222646E837007E838C /* SearchScreen.swift */ = {isa = PBXFileReference; lastKnownFileType = sourcecode.swift; path = SearchScreen.swift; sourceTree = "<group>"; };
		15CAC5242646ECF1007E838C /* ChipsOptionView.swift */ = {isa = PBXFileReference; lastKnownFileType = sourcecode.swift; path = ChipsOptionView.swift; sourceTree = "<group>"; };
		15D4A12D2723752000D8BCA4 /* md-female-select.json */ = {isa = PBXFileReference; fileEncoding = 4; lastKnownFileType = text.json; path = "md-female-select.json"; sourceTree = "<group>"; };
		15E8DE422662E0050036A99F /* Localizable.strings */ = {isa = PBXFileReference; lastKnownFileType = text.plist.strings; path = Localizable.strings; sourceTree = "<group>"; };
		15E8DE44266308DE0036A99F /* ChipsDataModel.swift */ = {isa = PBXFileReference; lastKnownFileType = sourcecode.swift; path = ChipsDataModel.swift; sourceTree = "<group>"; };
		15E8DE462663093B0036A99F /* ChipsView.swift */ = {isa = PBXFileReference; lastKnownFileType = sourcecode.swift; path = ChipsView.swift; sourceTree = "<group>"; };
		15E8DE48266366390036A99F /* SearchScreenViewModel.swift */ = {isa = PBXFileReference; lastKnownFileType = sourcecode.swift; path = SearchScreenViewModel.swift; sourceTree = "<group>"; };
		15EA7DDF260921A0006BC8F2 /* MenuView.swift */ = {isa = PBXFileReference; lastKnownFileType = sourcecode.swift; path = MenuView.swift; sourceTree = "<group>"; };
		15EA7DE5260933C8006BC8F2 /* Gender.swift */ = {isa = PBXFileReference; lastKnownFileType = sourcecode.swift; path = Gender.swift; sourceTree = "<group>"; };
		15EA7DEF26094112006BC8F2 /* FirstNameViewModel.swift */ = {isa = PBXFileReference; lastKnownFileType = sourcecode.swift; path = FirstNameViewModel.swift; sourceTree = "<group>"; };
		15FC2A4626483CF40025BCF3 /* MenuItemEnum.swift */ = {isa = PBXFileReference; lastKnownFileType = sourcecode.swift; path = MenuItemEnum.swift; sourceTree = "<group>"; };
		15FC2A4A2648A10B0025BCF3 /* SlidingOverCard.swift */ = {isa = PBXFileReference; lastKnownFileType = sourcecode.swift; path = SlidingOverCard.swift; sourceTree = "<group>"; };
		15FC2A4C2648A12F0025BCF3 /* Handle.swift */ = {isa = PBXFileReference; lastKnownFileType = sourcecode.swift; path = Handle.swift; sourceTree = "<group>"; };
/* End PBXFileReference section */

/* Begin PBXFrameworksBuildPhase section */
		156F0ADB2608172F0076AB4B /* Frameworks */ = {
			isa = PBXFrameworksBuildPhase;
			buildActionMask = 2147483647;
			files = (
				156F0B1A26081CA60076AB4B /* Lottie in Frameworks */,
				152F3C492649B53F000D564B /* SlideOverCard in Frameworks */,
				15515FC52677D04B009C2BDF /* Realm in Frameworks */,
				15515FC72677D04B009C2BDF /* RealmSwift in Frameworks */,
				15BE326E2624D0E700D8DC8D /* Alamofire in Frameworks */,
			);
			runOnlyForDeploymentPostprocessing = 0;
		};
		156F0AEC260817300076AB4B /* Frameworks */ = {
			isa = PBXFrameworksBuildPhase;
			buildActionMask = 2147483647;
			files = (
			);
			runOnlyForDeploymentPostprocessing = 0;
		};
		156F0AF7260817300076AB4B /* Frameworks */ = {
			isa = PBXFrameworksBuildPhase;
			buildActionMask = 2147483647;
			files = (
			);
			runOnlyForDeploymentPostprocessing = 0;
		};
		15ABCB36262A564B00036B3E /* Frameworks */ = {
			isa = PBXFrameworksBuildPhase;
			buildActionMask = 2147483647;
			files = (
			);
			runOnlyForDeploymentPostprocessing = 0;
		};
/* End PBXFrameworksBuildPhase section */

/* Begin PBXGroup section */
		151A063726E27F7700F8760D /* Repository */ = {
			isa = PBXGroup;
			children = (
				151A063826E27F9800F8760D /* DataRepository.swift */,
			);
			path = Repository;
			sourceTree = "<group>";
		};
		15515FCA2677E34E009C2BDF /* Mock */ = {
			isa = PBXGroup;
			children = (
				15515FCB2677E35F009C2BDF /* MOCK_DATA.json */,
				15515FCD2677E39A009C2BDF /* FirstnamesMock.swift */,
			);
			path = Mock;
			sourceTree = "<group>";
		};
		156F0AD52608172F0076AB4B = {
			isa = PBXGroup;
			children = (
				156F0AE02608172F0076AB4B /* Prenom Africains */,
				156F0AF2260817300076AB4B /* Prenom AfricainsTests */,
				156F0AFD260817300076AB4B /* Prenom AfricainsUITests */,
				15ABCB3A262A564B00036B3E /* Prenom AfricainsSlowTests */,
				156F0ADF2608172F0076AB4B /* Products */,
			);
			sourceTree = "<group>";
		};
		156F0ADF2608172F0076AB4B /* Products */ = {
			isa = PBXGroup;
			children = (
				156F0ADE2608172F0076AB4B /* Prenom Africains.app */,
				156F0AEF260817300076AB4B /* Prenom AfricainsTests.xctest */,
				156F0AFA260817300076AB4B /* Prenom AfricainsUITests.xctest */,
				15ABCB39262A564B00036B3E /* Prenom AfricainsSlowTests.xctest */,
			);
			name = Products;
			sourceTree = "<group>";
		};
		156F0AE02608172F0076AB4B /* Prenom Africains */ = {
			isa = PBXGroup;
			children = (
				151A063726E27F7700F8760D /* Repository */,
				15FC2A49264855760025BCF3 /* Misc */,
				15CFF01A261396A100B06E32 /* Util */,
				156F0B30260825750076AB4B /* Screen */,
				15EA7DE4260933A3006BC8F2 /* Model */,
				156F0B0F2608173E0076AB4B /* Views */,
				15FC2A48264854F60025BCF3 /* ViewModel */,
				156F0AE12608172F0076AB4B /* PrenomAfricainsApp.swift */,
				156F0AE5260817300076AB4B /* Assets.xcassets */,
				156F0AEA260817300076AB4B /* Info.plist */,
				156F0AE7260817300076AB4B /* Preview Content */,
				1544144E264F52BD00BA6887 /* Colors.xcassets */,
				15E8DE422662E0050036A99F /* Localizable.strings */,
			);
			path = "Prenom Africains";
			sourceTree = "<group>";
		};
		156F0AE7260817300076AB4B /* Preview Content */ = {
			isa = PBXGroup;
			children = (
				156F0AE8260817300076AB4B /* Preview Assets.xcassets */,
			);
			path = "Preview Content";
			sourceTree = "<group>";
		};
		156F0AF2260817300076AB4B /* Prenom AfricainsTests */ = {
			isa = PBXGroup;
			children = (
				156F0AF3260817300076AB4B /* PrenomAfricainsTests.swift */,
				156F0AF5260817300076AB4B /* Info.plist */,
			);
			path = "Prenom AfricainsTests";
			sourceTree = "<group>";
		};
		156F0AFD260817300076AB4B /* Prenom AfricainsUITests */ = {
			isa = PBXGroup;
			children = (
				156F0AFE260817300076AB4B /* PrenomAfricainsUITests.swift */,
				156F0B00260817300076AB4B /* Info.plist */,
			);
			path = "Prenom AfricainsUITests";
			sourceTree = "<group>";
		};
		156F0B0F2608173E0076AB4B /* Views */ = {
			isa = PBXGroup;
			children = (
				156F0B10260817690076AB4B /* CircleFirstName.swift */,
				156F0B2626081DA40076AB4B /* LottieView.swift */,
				156F0B2B260821470076AB4B /* DescriptionView.swift */,
				15EA7DDF260921A0006BC8F2 /* MenuView.swift */,
				152E82702635CB01002950E6 /* LottieLikeButtonView.swift */,
				151AB5E62636D45800585BFC /* LottieUnlikeButtonView.swift */,
				15645E85263B54E20017E8B7 /* AdaptiveView.swift */,
				15CAC5202646D7F7007E838C /* SearchBarView.swift */,
				152F3C4A264C6F71000D564B /* SearchBarButton.swift */,
				15CAC5242646ECF1007E838C /* ChipsOptionView.swift */,
				15FC2A4A2648A10B0025BCF3 /* SlidingOverCard.swift */,
				15FC2A4C2648A12F0025BCF3 /* Handle.swift */,
				15E8DE462663093B0036A99F /* ChipsView.swift */,
				152CDB5F266FEB1F003B65C4 /* LegacyTextField.swift */,
			);
			path = Views;
			sourceTree = "<group>";
		};
		156F0B30260825750076AB4B /* Screen */ = {
			isa = PBXGroup;
			children = (
				156F0AE32608172F0076AB4B /* ContentView.swift */,
				156F0B31260825910076AB4B /* MainScreen.swift */,
				15CAC5222646E837007E838C /* SearchScreen.swift */,
			);
			path = Screen;
			sourceTree = "<group>";
		};
		15ABCB3A262A564B00036B3E /* Prenom AfricainsSlowTests */ = {
			isa = PBXGroup;
			children = (
				15ABCB3B262A564B00036B3E /* PrenomAfricainsSlowTests.swift */,
				15ABCB3D262A564B00036B3E /* Info.plist */,
			);
			path = "Prenom AfricainsSlowTests";
			sourceTree = "<group>";
		};
		15CFF01A261396A100B06E32 /* Util */ = {
			isa = PBXGroup;
			children = (
				15ABCB47262A59B600036B3E /* NetworkMonitor.swift */,
				15645E87263B5B8B0017E8B7 /* LandscapeModifier.swift */,
				15FC2A4626483CF40025BCF3 /* MenuItemEnum.swift */,
				15640715266836830084908F /* Vibration.swift */,
			);
			path = Util;
			sourceTree = "<group>";
		};
		15EA7DE4260933A3006BC8F2 /* Model */ = {
			isa = PBXGroup;
			children = (
				1539F17F26E4ED67009889B5 /* FirstnameDataModel.swift */,
				15EA7DE5260933C8006BC8F2 /* Gender.swift */,
				15E8DE44266308DE0036A99F /* ChipsDataModel.swift */,
				15300A87266C1F47000AAAF6 /* SearchCriteria.swift */,
				15515FC82677D423009C2BDF /* FirstnameDB.swift */,
			);
			path = Model;
			sourceTree = "<group>";
		};
		15FC2A48264854F60025BCF3 /* ViewModel */ = {
			isa = PBXGroup;
			children = (
				15EA7DEF26094112006BC8F2 /* FirstNameViewModel.swift */,
				15E8DE48266366390036A99F /* SearchScreenViewModel.swift */,
			);
			path = ViewModel;
			sourceTree = "<group>";
		};
		15FC2A49264855760025BCF3 /* Misc */ = {
			isa = PBXGroup;
			children = (
				15515FCA2677E34E009C2BDF /* Mock */,
				156F0B2126081D6C0076AB4B /* sound.json */,
				152E826A2635CA46002950E6 /* heart_like.json */,
				15D4A12D2723752000D8BCA4 /* md-female-select.json */,
				15A134BB272476EB0019AE90 /* md-male-select.json */,
			);
			path = Misc;
			sourceTree = "<group>";
		};
/* End PBXGroup section */

/* Begin PBXNativeTarget section */
		156F0ADD2608172F0076AB4B /* Prenom Africains */ = {
			isa = PBXNativeTarget;
			buildConfigurationList = 156F0B03260817300076AB4B /* Build configuration list for PBXNativeTarget "Prenom Africains" */;
			buildPhases = (
				15640717266840A80084908F /* ShellScript */,
				156F0ADA2608172F0076AB4B /* Sources */,
				156F0ADB2608172F0076AB4B /* Frameworks */,
				156F0ADC2608172F0076AB4B /* Resources */,
			);
			buildRules = (
			);
			dependencies = (
			);
			name = "Prenom Africains";
			packageProductDependencies = (
				156F0B1926081CA60076AB4B /* Lottie */,
				15BE326D2624D0E700D8DC8D /* Alamofire */,
				152F3C482649B53F000D564B /* SlideOverCard */,
				15515FC42677D04B009C2BDF /* Realm */,
				15515FC62677D04B009C2BDF /* RealmSwift */,
			);
			productName = "Prenom Africains";
			productReference = 156F0ADE2608172F0076AB4B /* Prenom Africains.app */;
			productType = "com.apple.product-type.application";
		};
		156F0AEE260817300076AB4B /* Prenom AfricainsTests */ = {
			isa = PBXNativeTarget;
			buildConfigurationList = 156F0B06260817300076AB4B /* Build configuration list for PBXNativeTarget "Prenom AfricainsTests" */;
			buildPhases = (
				156F0AEB260817300076AB4B /* Sources */,
				156F0AEC260817300076AB4B /* Frameworks */,
				156F0AED260817300076AB4B /* Resources */,
			);
			buildRules = (
			);
			dependencies = (
				156F0AF1260817300076AB4B /* PBXTargetDependency */,
			);
			name = "Prenom AfricainsTests";
			productName = "Prenom AfricainsTests";
			productReference = 156F0AEF260817300076AB4B /* Prenom AfricainsTests.xctest */;
			productType = "com.apple.product-type.bundle.unit-test";
		};
		156F0AF9260817300076AB4B /* Prenom AfricainsUITests */ = {
			isa = PBXNativeTarget;
			buildConfigurationList = 156F0B09260817300076AB4B /* Build configuration list for PBXNativeTarget "Prenom AfricainsUITests" */;
			buildPhases = (
				156F0AF6260817300076AB4B /* Sources */,
				156F0AF7260817300076AB4B /* Frameworks */,
				156F0AF8260817300076AB4B /* Resources */,
			);
			buildRules = (
			);
			dependencies = (
				156F0AFC260817300076AB4B /* PBXTargetDependency */,
			);
			name = "Prenom AfricainsUITests";
			productName = "Prenom AfricainsUITests";
			productReference = 156F0AFA260817300076AB4B /* Prenom AfricainsUITests.xctest */;
			productType = "com.apple.product-type.bundle.ui-testing";
		};
		15ABCB38262A564B00036B3E /* Prenom AfricainsSlowTests */ = {
			isa = PBXNativeTarget;
			buildConfigurationList = 15ABCB42262A564B00036B3E /* Build configuration list for PBXNativeTarget "Prenom AfricainsSlowTests" */;
			buildPhases = (
				15ABCB35262A564B00036B3E /* Sources */,
				15ABCB36262A564B00036B3E /* Frameworks */,
				15ABCB37262A564B00036B3E /* Resources */,
			);
			buildRules = (
			);
			dependencies = (
				15ABCB3F262A564B00036B3E /* PBXTargetDependency */,
			);
			name = "Prenom AfricainsSlowTests";
			productName = "Prenom AfricainsSlowTests";
			productReference = 15ABCB39262A564B00036B3E /* Prenom AfricainsSlowTests.xctest */;
			productType = "com.apple.product-type.bundle.unit-test";
		};
/* End PBXNativeTarget section */

/* Begin PBXProject section */
		156F0AD62608172F0076AB4B /* Project object */ = {
			isa = PBXProject;
			attributes = {
				LastSwiftUpdateCheck = 1240;
				LastUpgradeCheck = 1250;
				TargetAttributes = {
					156F0ADD2608172F0076AB4B = {
						CreatedOnToolsVersion = 12.4;
					};
					156F0AEE260817300076AB4B = {
						CreatedOnToolsVersion = 12.4;
						TestTargetID = 156F0ADD2608172F0076AB4B;
					};
					156F0AF9260817300076AB4B = {
						CreatedOnToolsVersion = 12.4;
						TestTargetID = 156F0ADD2608172F0076AB4B;
					};
					15ABCB38262A564B00036B3E = {
						CreatedOnToolsVersion = 12.4;
						TestTargetID = 156F0ADD2608172F0076AB4B;
					};
				};
			};
			buildConfigurationList = 156F0AD92608172F0076AB4B /* Build configuration list for PBXProject "Prenom Africains" */;
			compatibilityVersion = "Xcode 9.3";
			developmentRegion = en;
			hasScannedForEncodings = 0;
			knownRegions = (
				en,
				Base,
				fr,
				it,
				de,
			);
			mainGroup = 156F0AD52608172F0076AB4B;
			packageReferences = (
				156F0B1826081CA60076AB4B /* XCRemoteSwiftPackageReference "lottie-ios" */,
				15BE326C2624D0E700D8DC8D /* XCRemoteSwiftPackageReference "Alamofire" */,
				152F3C472649B53F000D564B /* XCRemoteSwiftPackageReference "SlideOverCard" */,
				15515FC32677D04B009C2BDF /* XCRemoteSwiftPackageReference "realm-cocoa" */,
			);
			productRefGroup = 156F0ADF2608172F0076AB4B /* Products */;
			projectDirPath = "";
			projectRoot = "";
			targets = (
				156F0ADD2608172F0076AB4B /* Prenom Africains */,
				156F0AEE260817300076AB4B /* Prenom AfricainsTests */,
				156F0AF9260817300076AB4B /* Prenom AfricainsUITests */,
				15ABCB38262A564B00036B3E /* Prenom AfricainsSlowTests */,
			);
		};
/* End PBXProject section */

/* Begin PBXResourcesBuildPhase section */
		156F0ADC2608172F0076AB4B /* Resources */ = {
			isa = PBXResourcesBuildPhase;
			buildActionMask = 2147483647;
			files = (
				15A134BC272476EB0019AE90 /* md-male-select.json in Resources */,
				156F0B2226081D6C0076AB4B /* sound.json in Resources */,
				156F0AE9260817300076AB4B /* Preview Assets.xcassets in Resources */,
				15D4A12E2723752000D8BCA4 /* md-female-select.json in Resources */,
				152E826B2635CA46002950E6 /* heart_like.json in Resources */,
				15E8DE432662E0050036A99F /* Localizable.strings in Resources */,
				15515FCC2677E35F009C2BDF /* MOCK_DATA.json in Resources */,
				1544144F264F52BD00BA6887 /* Colors.xcassets in Resources */,
				156F0AE6260817300076AB4B /* Assets.xcassets in Resources */,
			);
			runOnlyForDeploymentPostprocessing = 0;
		};
		156F0AED260817300076AB4B /* Resources */ = {
			isa = PBXResourcesBuildPhase;
			buildActionMask = 2147483647;
			files = (
			);
			runOnlyForDeploymentPostprocessing = 0;
		};
		156F0AF8260817300076AB4B /* Resources */ = {
			isa = PBXResourcesBuildPhase;
			buildActionMask = 2147483647;
			files = (
			);
			runOnlyForDeploymentPostprocessing = 0;
		};
		15ABCB37262A564B00036B3E /* Resources */ = {
			isa = PBXResourcesBuildPhase;
			buildActionMask = 2147483647;
			files = (
			);
			runOnlyForDeploymentPostprocessing = 0;
		};
/* End PBXResourcesBuildPhase section */

/* Begin PBXShellScriptBuildPhase section */
		15640717266840A80084908F /* ShellScript */ = {
			isa = PBXShellScriptBuildPhase;
			buildActionMask = 2147483647;
			files = (
			);
			inputFileListPaths = (
			);
			inputPaths = (
			);
			outputFileListPaths = (
			);
			outputPaths = (
			);
			runOnlyForDeploymentPostprocessing = 0;
			shellPath = /bin/sh;
			shellScript = "if which swiftlint >/dev/null; then\n  swiftlint autocorrect && swiftlint\nelse\n  echo \"warning: SwiftLint not installed, download from https://github.com/realm/SwiftLint\"\nfi\n";
		};
/* End PBXShellScriptBuildPhase section */

/* Begin PBXSourcesBuildPhase section */
		156F0ADA2608172F0076AB4B /* Sources */ = {
			isa = PBXSourcesBuildPhase;
			buildActionMask = 2147483647;
			files = (
				15515FC92677D423009C2BDF /* FirstnameDB.swift in Sources */,
				15645E86263B54E20017E8B7 /* AdaptiveView.swift in Sources */,
				15ABCB48262A59B600036B3E /* NetworkMonitor.swift in Sources */,
				152E82712635CB01002950E6 /* LottieLikeButtonView.swift in Sources */,
				15E8DE49266366390036A99F /* SearchScreenViewModel.swift in Sources */,
				15CAC5252646ECF1007E838C /* ChipsOptionView.swift in Sources */,
				15FC2A4B2648A10B0025BCF3 /* SlidingOverCard.swift in Sources */,
				152F3C4B264C6F71000D564B /* SearchBarButton.swift in Sources */,
				151A063926E27F9800F8760D /* DataRepository.swift in Sources */,
				15300A88266C1F47000AAAF6 /* SearchCriteria.swift in Sources */,
				15EA7DE0260921A0006BC8F2 /* MenuView.swift in Sources */,
				15FC2A4726483CF40025BCF3 /* MenuItemEnum.swift in Sources */,
				15CAC5212646D7F7007E838C /* SearchBarView.swift in Sources */,
				15EA7DE6260933C8006BC8F2 /* Gender.swift in Sources */,
				15515FCE2677E39A009C2BDF /* FirstnamesMock.swift in Sources */,
				151AB5E72636D45800585BFC /* LottieUnlikeButtonView.swift in Sources */,
				15E8DE472663093B0036A99F /* ChipsView.swift in Sources */,
				15CAC5232646E837007E838C /* SearchScreen.swift in Sources */,
				15E8DE45266308DE0036A99F /* ChipsDataModel.swift in Sources */,
				15EA7DF026094112006BC8F2 /* FirstNameViewModel.swift in Sources */,
				152CDB60266FEB1F003B65C4 /* LegacyTextField.swift in Sources */,
				156F0B32260825910076AB4B /* MainScreen.swift in Sources */,
				156F0B11260817690076AB4B /* CircleFirstName.swift in Sources */,
				156F0AE42608172F0076AB4B /* ContentView.swift in Sources */,
				156F0AE22608172F0076AB4B /* PrenomAfricainsApp.swift in Sources */,
				15FC2A4D2648A12F0025BCF3 /* Handle.swift in Sources */,
				156F0B2726081DA40076AB4B /* LottieView.swift in Sources */,
				156F0B2C260821470076AB4B /* DescriptionView.swift in Sources */,
				15640716266836830084908F /* Vibration.swift in Sources */,
				15645E88263B5B8B0017E8B7 /* LandscapeModifier.swift in Sources */,
				1539F18026E4ED67009889B5 /* FirstnameDataModel.swift in Sources */,
			);
			runOnlyForDeploymentPostprocessing = 0;
		};
		156F0AEB260817300076AB4B /* Sources */ = {
			isa = PBXSourcesBuildPhase;
			buildActionMask = 2147483647;
			files = (
				156F0AF4260817300076AB4B /* PrenomAfricainsTests.swift in Sources */,
			);
			runOnlyForDeploymentPostprocessing = 0;
		};
		156F0AF6260817300076AB4B /* Sources */ = {
			isa = PBXSourcesBuildPhase;
			buildActionMask = 2147483647;
			files = (
				156F0AFF260817300076AB4B /* PrenomAfricainsUITests.swift in Sources */,
			);
			runOnlyForDeploymentPostprocessing = 0;
		};
		15ABCB35262A564B00036B3E /* Sources */ = {
			isa = PBXSourcesBuildPhase;
			buildActionMask = 2147483647;
			files = (
				15ABCB3C262A564B00036B3E /* PrenomAfricainsSlowTests.swift in Sources */,
			);
			runOnlyForDeploymentPostprocessing = 0;
		};
/* End PBXSourcesBuildPhase section */

/* Begin PBXTargetDependency section */
		156F0AF1260817300076AB4B /* PBXTargetDependency */ = {
			isa = PBXTargetDependency;
			target = 156F0ADD2608172F0076AB4B /* Prenom Africains */;
			targetProxy = 156F0AF0260817300076AB4B /* PBXContainerItemProxy */;
		};
		156F0AFC260817300076AB4B /* PBXTargetDependency */ = {
			isa = PBXTargetDependency;
			target = 156F0ADD2608172F0076AB4B /* Prenom Africains */;
			targetProxy = 156F0AFB260817300076AB4B /* PBXContainerItemProxy */;
		};
		15ABCB3F262A564B00036B3E /* PBXTargetDependency */ = {
			isa = PBXTargetDependency;
			target = 156F0ADD2608172F0076AB4B /* Prenom Africains */;
			targetProxy = 15ABCB3E262A564B00036B3E /* PBXContainerItemProxy */;
		};
/* End PBXTargetDependency section */

/* Begin XCBuildConfiguration section */
		156F0B01260817300076AB4B /* Debug */ = {
			isa = XCBuildConfiguration;
			buildSettings = {
				ALWAYS_SEARCH_USER_PATHS = NO;
				CLANG_ANALYZER_LOCALIZABILITY_NONLOCALIZED = YES;
				CLANG_ANALYZER_NONNULL = YES;
				CLANG_ANALYZER_NUMBER_OBJECT_CONVERSION = YES_AGGRESSIVE;
				CLANG_CXX_LANGUAGE_STANDARD = "gnu++14";
				CLANG_CXX_LIBRARY = "libc++";
				CLANG_ENABLE_MODULES = YES;
				CLANG_ENABLE_OBJC_ARC = YES;
				CLANG_ENABLE_OBJC_WEAK = YES;
				CLANG_WARN_BLOCK_CAPTURE_AUTORELEASING = YES;
				CLANG_WARN_BOOL_CONVERSION = YES;
				CLANG_WARN_COMMA = YES;
				CLANG_WARN_CONSTANT_CONVERSION = YES;
				CLANG_WARN_DEPRECATED_OBJC_IMPLEMENTATIONS = YES;
				CLANG_WARN_DIRECT_OBJC_ISA_USAGE = YES_ERROR;
				CLANG_WARN_DOCUMENTATION_COMMENTS = YES;
				CLANG_WARN_EMPTY_BODY = YES;
				CLANG_WARN_ENUM_CONVERSION = YES;
				CLANG_WARN_INFINITE_RECURSION = YES;
				CLANG_WARN_INT_CONVERSION = YES;
				CLANG_WARN_NON_LITERAL_NULL_CONVERSION = YES;
				CLANG_WARN_OBJC_IMPLICIT_RETAIN_SELF = YES;
				CLANG_WARN_OBJC_LITERAL_CONVERSION = YES;
				CLANG_WARN_OBJC_ROOT_CLASS = YES_ERROR;
				CLANG_WARN_QUOTED_INCLUDE_IN_FRAMEWORK_HEADER = YES;
				CLANG_WARN_RANGE_LOOP_ANALYSIS = YES;
				CLANG_WARN_STRICT_PROTOTYPES = YES;
				CLANG_WARN_SUSPICIOUS_MOVE = YES;
				CLANG_WARN_UNGUARDED_AVAILABILITY = YES_AGGRESSIVE;
				CLANG_WARN_UNREACHABLE_CODE = YES;
				CLANG_WARN__DUPLICATE_METHOD_MATCH = YES;
				COPY_PHASE_STRIP = NO;
				DEAD_CODE_STRIPPING = NO;
				DEBUG_INFORMATION_FORMAT = dwarf;
				ENABLE_STRICT_OBJC_MSGSEND = YES;
				ENABLE_TESTABILITY = YES;
				GCC_C_LANGUAGE_STANDARD = gnu11;
				GCC_DYNAMIC_NO_PIC = NO;
				GCC_NO_COMMON_BLOCKS = YES;
				GCC_OPTIMIZATION_LEVEL = 0;
				GCC_PREPROCESSOR_DEFINITIONS = (
					"DEBUG=1",
					"$(inherited)",
				);
				GCC_WARN_64_TO_32_BIT_CONVERSION = YES;
				GCC_WARN_ABOUT_RETURN_TYPE = YES_ERROR;
				GCC_WARN_UNDECLARED_SELECTOR = YES;
				GCC_WARN_UNINITIALIZED_AUTOS = YES_AGGRESSIVE;
				GCC_WARN_UNUSED_FUNCTION = YES;
				GCC_WARN_UNUSED_VARIABLE = YES;
				IPHONEOS_DEPLOYMENT_TARGET = 15.0;
				MTL_ENABLE_DEBUG_INFO = INCLUDE_SOURCE;
				MTL_FAST_MATH = YES;
				ONLY_ACTIVE_ARCH = YES;
				SDKROOT = iphoneos;
				SWIFT_ACTIVE_COMPILATION_CONDITIONS = DEBUG;
				SWIFT_OPTIMIZATION_LEVEL = "-Onone";
			};
			name = Debug;
		};
		156F0B02260817300076AB4B /* Release */ = {
			isa = XCBuildConfiguration;
			buildSettings = {
				ALWAYS_SEARCH_USER_PATHS = NO;
				CLANG_ANALYZER_LOCALIZABILITY_NONLOCALIZED = YES;
				CLANG_ANALYZER_NONNULL = YES;
				CLANG_ANALYZER_NUMBER_OBJECT_CONVERSION = YES_AGGRESSIVE;
				CLANG_CXX_LANGUAGE_STANDARD = "gnu++14";
				CLANG_CXX_LIBRARY = "libc++";
				CLANG_ENABLE_MODULES = YES;
				CLANG_ENABLE_OBJC_ARC = YES;
				CLANG_ENABLE_OBJC_WEAK = YES;
				CLANG_WARN_BLOCK_CAPTURE_AUTORELEASING = YES;
				CLANG_WARN_BOOL_CONVERSION = YES;
				CLANG_WARN_COMMA = YES;
				CLANG_WARN_CONSTANT_CONVERSION = YES;
				CLANG_WARN_DEPRECATED_OBJC_IMPLEMENTATIONS = YES;
				CLANG_WARN_DIRECT_OBJC_ISA_USAGE = YES_ERROR;
				CLANG_WARN_DOCUMENTATION_COMMENTS = YES;
				CLANG_WARN_EMPTY_BODY = YES;
				CLANG_WARN_ENUM_CONVERSION = YES;
				CLANG_WARN_INFINITE_RECURSION = YES;
				CLANG_WARN_INT_CONVERSION = YES;
				CLANG_WARN_NON_LITERAL_NULL_CONVERSION = YES;
				CLANG_WARN_OBJC_IMPLICIT_RETAIN_SELF = YES;
				CLANG_WARN_OBJC_LITERAL_CONVERSION = YES;
				CLANG_WARN_OBJC_ROOT_CLASS = YES_ERROR;
				CLANG_WARN_QUOTED_INCLUDE_IN_FRAMEWORK_HEADER = YES;
				CLANG_WARN_RANGE_LOOP_ANALYSIS = YES;
				CLANG_WARN_STRICT_PROTOTYPES = YES;
				CLANG_WARN_SUSPICIOUS_MOVE = YES;
				CLANG_WARN_UNGUARDED_AVAILABILITY = YES_AGGRESSIVE;
				CLANG_WARN_UNREACHABLE_CODE = YES;
				CLANG_WARN__DUPLICATE_METHOD_MATCH = YES;
				COPY_PHASE_STRIP = NO;
				DEAD_CODE_STRIPPING = NO;
				DEBUG_INFORMATION_FORMAT = "dwarf-with-dsym";
				ENABLE_NS_ASSERTIONS = NO;
				ENABLE_STRICT_OBJC_MSGSEND = YES;
				GCC_C_LANGUAGE_STANDARD = gnu11;
				GCC_NO_COMMON_BLOCKS = YES;
				GCC_WARN_64_TO_32_BIT_CONVERSION = YES;
				GCC_WARN_ABOUT_RETURN_TYPE = YES_ERROR;
				GCC_WARN_UNDECLARED_SELECTOR = YES;
				GCC_WARN_UNINITIALIZED_AUTOS = YES_AGGRESSIVE;
				GCC_WARN_UNUSED_FUNCTION = YES;
				GCC_WARN_UNUSED_VARIABLE = YES;
				IPHONEOS_DEPLOYMENT_TARGET = 15.0;
				MTL_ENABLE_DEBUG_INFO = NO;
				MTL_FAST_MATH = YES;
				SDKROOT = iphoneos;
				SWIFT_COMPILATION_MODE = wholemodule;
				SWIFT_OPTIMIZATION_LEVEL = "-O";
				VALIDATE_PRODUCT = YES;
			};
			name = Release;
		};
		156F0B04260817300076AB4B /* Debug */ = {
			isa = XCBuildConfiguration;
			buildSettings = {
				API_ENDPOINT = "https://57b1-93-16-212-39.ngrok.io";
				APP_DISPLAY_NAME = "DEV Prénoms Africains";
				ASSETCATALOG_COMPILER_APPICON_NAME = AppIcon;
				ASSETCATALOG_COMPILER_GLOBAL_ACCENT_COLOR_NAME = AccentColor;
				CODE_SIGN_STYLE = Automatic;
				DEVELOPMENT_ASSET_PATHS = "\"Prenom Africains/Preview Content\"";
				DEVELOPMENT_TEAM = 6NTQ2Y43QX;
				ENABLE_PREVIEWS = YES;
				INFOPLIST_FILE = "Prenom Africains/Info.plist";
				IPHONEOS_DEPLOYMENT_TARGET = 15.0;
				LD_RUNPATH_SEARCH_PATHS = (
					"$(inherited)",
					"@executable_path/Frameworks",
				);
				PRODUCT_BUNDLE_IDENTIFIER = "com.tooflexdev.Prenom-Africains.debug";
				PRODUCT_NAME = "$(TARGET_NAME)";
				SWIFT_VERSION = 5.0;
				TARGETED_DEVICE_FAMILY = "1,2";
			};
			name = Debug;
		};
		156F0B05260817300076AB4B /* Release */ = {
			isa = XCBuildConfiguration;
			buildSettings = {
				API_ENDPOINT = "https://57b1-93-16-212-39.ngrok.io";
				APP_DISPLAY_NAME = "Prénoms Africains";
				ASSETCATALOG_COMPILER_APPICON_NAME = AppIcon;
				ASSETCATALOG_COMPILER_GLOBAL_ACCENT_COLOR_NAME = AccentColor;
				CODE_SIGN_STYLE = Automatic;
				DEVELOPMENT_ASSET_PATHS = "\"Prenom Africains/Preview Content\"";
				DEVELOPMENT_TEAM = 6NTQ2Y43QX;
				ENABLE_PREVIEWS = YES;
				INFOPLIST_FILE = "Prenom Africains/Info.plist";
				IPHONEOS_DEPLOYMENT_TARGET = 15.0;
				LD_RUNPATH_SEARCH_PATHS = (
					"$(inherited)",
					"@executable_path/Frameworks",
				);
				PRODUCT_BUNDLE_IDENTIFIER = "com.tooflexdev.Prenom-Africains";
				PRODUCT_NAME = "$(TARGET_NAME)";
				SWIFT_VERSION = 5.0;
				TARGETED_DEVICE_FAMILY = "1,2";
			};
			name = Release;
		};
		156F0B07260817300076AB4B /* Debug */ = {
			isa = XCBuildConfiguration;
			buildSettings = {
				ALWAYS_EMBED_SWIFT_STANDARD_LIBRARIES = YES;
				BUNDLE_LOADER = "$(TEST_HOST)";
				CODE_SIGN_STYLE = Automatic;
				DEVELOPMENT_TEAM = 6NTQ2Y43QX;
				INFOPLIST_FILE = "Prenom AfricainsTests/Info.plist";
				IPHONEOS_DEPLOYMENT_TARGET = 15.0;
				LD_RUNPATH_SEARCH_PATHS = (
					"$(inherited)",
					"@executable_path/Frameworks",
					"@loader_path/Frameworks",
				);
				PRODUCT_BUNDLE_IDENTIFIER = "com.tooflexdev.Prenom-AfricainsTests";
				PRODUCT_NAME = "$(TARGET_NAME)";
				SWIFT_VERSION = 5.0;
				TARGETED_DEVICE_FAMILY = "1,2";
				TEST_HOST = "$(BUILT_PRODUCTS_DIR)/Prenom Africains.app/Prenom Africains";
			};
			name = Debug;
		};
		156F0B08260817300076AB4B /* Release */ = {
			isa = XCBuildConfiguration;
			buildSettings = {
				ALWAYS_EMBED_SWIFT_STANDARD_LIBRARIES = YES;
				BUNDLE_LOADER = "$(TEST_HOST)";
				CODE_SIGN_STYLE = Automatic;
				DEVELOPMENT_TEAM = 6NTQ2Y43QX;
				INFOPLIST_FILE = "Prenom AfricainsTests/Info.plist";
				IPHONEOS_DEPLOYMENT_TARGET = 15.0;
				LD_RUNPATH_SEARCH_PATHS = (
					"$(inherited)",
					"@executable_path/Frameworks",
					"@loader_path/Frameworks",
				);
				PRODUCT_BUNDLE_IDENTIFIER = "com.tooflexdev.Prenom-AfricainsTests";
				PRODUCT_NAME = "$(TARGET_NAME)";
				SWIFT_VERSION = 5.0;
				TARGETED_DEVICE_FAMILY = "1,2";
				TEST_HOST = "$(BUILT_PRODUCTS_DIR)/Prenom Africains.app/Prenom Africains";
			};
			name = Release;
		};
		156F0B0A260817300076AB4B /* Debug */ = {
			isa = XCBuildConfiguration;
			buildSettings = {
				ALWAYS_EMBED_SWIFT_STANDARD_LIBRARIES = YES;
				CODE_SIGN_STYLE = Automatic;
				DEVELOPMENT_TEAM = 6NTQ2Y43QX;
				INFOPLIST_FILE = "Prenom AfricainsUITests/Info.plist";
				LD_RUNPATH_SEARCH_PATHS = (
					"$(inherited)",
					"@executable_path/Frameworks",
					"@loader_path/Frameworks",
				);
				PRODUCT_BUNDLE_IDENTIFIER = "com.tooflexdev.Prenom-AfricainsUITests";
				PRODUCT_NAME = "$(TARGET_NAME)";
				SWIFT_VERSION = 5.0;
				TARGETED_DEVICE_FAMILY = "1,2";
				TEST_TARGET_NAME = "Prenom Africains";
			};
			name = Debug;
		};
		156F0B0B260817300076AB4B /* Release */ = {
			isa = XCBuildConfiguration;
			buildSettings = {
				ALWAYS_EMBED_SWIFT_STANDARD_LIBRARIES = YES;
				CODE_SIGN_STYLE = Automatic;
				DEVELOPMENT_TEAM = 6NTQ2Y43QX;
				INFOPLIST_FILE = "Prenom AfricainsUITests/Info.plist";
				LD_RUNPATH_SEARCH_PATHS = (
					"$(inherited)",
					"@executable_path/Frameworks",
					"@loader_path/Frameworks",
				);
				PRODUCT_BUNDLE_IDENTIFIER = "com.tooflexdev.Prenom-AfricainsUITests";
				PRODUCT_NAME = "$(TARGET_NAME)";
				SWIFT_VERSION = 5.0;
				TARGETED_DEVICE_FAMILY = "1,2";
				TEST_TARGET_NAME = "Prenom Africains";
			};
			name = Release;
		};
		15ABCB40262A564B00036B3E /* Debug */ = {
			isa = XCBuildConfiguration;
			buildSettings = {
				BUNDLE_LOADER = "$(TEST_HOST)";
				CODE_SIGN_STYLE = Automatic;
				DEVELOPMENT_TEAM = 6NTQ2Y43QX;
				INFOPLIST_FILE = "Prenom AfricainsSlowTests/Info.plist";
				LD_RUNPATH_SEARCH_PATHS = (
					"$(inherited)",
					"@executable_path/Frameworks",
					"@loader_path/Frameworks",
				);
				PRODUCT_BUNDLE_IDENTIFIER = "com.tooflexdev.Prenom-AfricainsSlowTests";
				PRODUCT_NAME = "$(TARGET_NAME)";
				SWIFT_VERSION = 5.0;
				TARGETED_DEVICE_FAMILY = "1,2";
				TEST_HOST = "$(BUILT_PRODUCTS_DIR)/Prenom Africains.app/Prenom Africains";
			};
			name = Debug;
		};
		15ABCB41262A564B00036B3E /* Release */ = {
			isa = XCBuildConfiguration;
			buildSettings = {
				BUNDLE_LOADER = "$(TEST_HOST)";
				CODE_SIGN_STYLE = Automatic;
				DEVELOPMENT_TEAM = 6NTQ2Y43QX;
				INFOPLIST_FILE = "Prenom AfricainsSlowTests/Info.plist";
				LD_RUNPATH_SEARCH_PATHS = (
					"$(inherited)",
					"@executable_path/Frameworks",
					"@loader_path/Frameworks",
				);
				PRODUCT_BUNDLE_IDENTIFIER = "com.tooflexdev.Prenom-AfricainsSlowTests";
				PRODUCT_NAME = "$(TARGET_NAME)";
				SWIFT_VERSION = 5.0;
				TARGETED_DEVICE_FAMILY = "1,2";
				TEST_HOST = "$(BUILT_PRODUCTS_DIR)/Prenom Africains.app/Prenom Africains";
			};
			name = Release;
		};
/* End XCBuildConfiguration section */

/* Begin XCConfigurationList section */
		156F0AD92608172F0076AB4B /* Build configuration list for PBXProject "Prenom Africains" */ = {
			isa = XCConfigurationList;
			buildConfigurations = (
				156F0B01260817300076AB4B /* Debug */,
				156F0B02260817300076AB4B /* Release */,
			);
			defaultConfigurationIsVisible = 0;
			defaultConfigurationName = Release;
		};
		156F0B03260817300076AB4B /* Build configuration list for PBXNativeTarget "Prenom Africains" */ = {
			isa = XCConfigurationList;
			buildConfigurations = (
				156F0B04260817300076AB4B /* Debug */,
				156F0B05260817300076AB4B /* Release */,
			);
			defaultConfigurationIsVisible = 0;
			defaultConfigurationName = Release;
		};
		156F0B06260817300076AB4B /* Build configuration list for PBXNativeTarget "Prenom AfricainsTests" */ = {
			isa = XCConfigurationList;
			buildConfigurations = (
				156F0B07260817300076AB4B /* Debug */,
				156F0B08260817300076AB4B /* Release */,
			);
			defaultConfigurationIsVisible = 0;
			defaultConfigurationName = Release;
		};
		156F0B09260817300076AB4B /* Build configuration list for PBXNativeTarget "Prenom AfricainsUITests" */ = {
			isa = XCConfigurationList;
			buildConfigurations = (
				156F0B0A260817300076AB4B /* Debug */,
				156F0B0B260817300076AB4B /* Release */,
			);
			defaultConfigurationIsVisible = 0;
			defaultConfigurationName = Release;
		};
		15ABCB42262A564B00036B3E /* Build configuration list for PBXNativeTarget "Prenom AfricainsSlowTests" */ = {
			isa = XCConfigurationList;
			buildConfigurations = (
				15ABCB40262A564B00036B3E /* Debug */,
				15ABCB41262A564B00036B3E /* Release */,
			);
			defaultConfigurationIsVisible = 0;
			defaultConfigurationName = Release;
		};
/* End XCConfigurationList section */

/* Begin XCRemoteSwiftPackageReference section */
		152F3C472649B53F000D564B /* XCRemoteSwiftPackageReference "SlideOverCard" */ = {
			isa = XCRemoteSwiftPackageReference;
			repositoryURL = "https://github.com/joogps/SlideOverCard";
			requirement = {
				kind = upToNextMajorVersion;
				minimumVersion = 2.0.0;
			};
		};
		15515FC32677D04B009C2BDF /* XCRemoteSwiftPackageReference "realm-cocoa" */ = {
			isa = XCRemoteSwiftPackageReference;
			repositoryURL = "https://github.com/realm/realm-cocoa.git";
			requirement = {
				kind = upToNextMajorVersion;
				minimumVersion = 5.0.0;
			};
		};
		156F0B1826081CA60076AB4B /* XCRemoteSwiftPackageReference "lottie-ios" */ = {
			isa = XCRemoteSwiftPackageReference;
			repositoryURL = "https://github.com/airbnb/lottie-ios";
			requirement = {
				kind = upToNextMajorVersion;
				minimumVersion = 3.2.1;
			};
		};
		15BE326C2624D0E700D8DC8D /* XCRemoteSwiftPackageReference "Alamofire" */ = {
			isa = XCRemoteSwiftPackageReference;
			repositoryURL = "https://github.com/Alamofire/Alamofire";
			requirement = {
				kind = upToNextMajorVersion;
				minimumVersion = 5.4.2;
			};
		};
/* End XCRemoteSwiftPackageReference section */

/* Begin XCSwiftPackageProductDependency section */
		152F3C482649B53F000D564B /* SlideOverCard */ = {
			isa = XCSwiftPackageProductDependency;
			package = 152F3C472649B53F000D564B /* XCRemoteSwiftPackageReference "SlideOverCard" */;
			productName = SlideOverCard;
		};
		15515FC42677D04B009C2BDF /* Realm */ = {
			isa = XCSwiftPackageProductDependency;
			package = 15515FC32677D04B009C2BDF /* XCRemoteSwiftPackageReference "realm-cocoa" */;
			productName = Realm;
		};
		15515FC62677D04B009C2BDF /* RealmSwift */ = {
			isa = XCSwiftPackageProductDependency;
			package = 15515FC32677D04B009C2BDF /* XCRemoteSwiftPackageReference "realm-cocoa" */;
			productName = RealmSwift;
		};
		156F0B1926081CA60076AB4B /* Lottie */ = {
			isa = XCSwiftPackageProductDependency;
			package = 156F0B1826081CA60076AB4B /* XCRemoteSwiftPackageReference "lottie-ios" */;
			productName = Lottie;
		};
		15BE326D2624D0E700D8DC8D /* Alamofire */ = {
			isa = XCSwiftPackageProductDependency;
			package = 15BE326C2624D0E700D8DC8D /* XCRemoteSwiftPackageReference "Alamofire" */;
			productName = Alamofire;
		};
/* End XCSwiftPackageProductDependency section */
	};
	rootObject = 156F0AD62608172F0076AB4B /* Project object */;
}
