// !$*UTF8*$!
{
	archiveVersion = 1;
	classes = {
	};
	objectVersion = 52;
	objects = {

/* Begin PBXBuildFile section */
		15061FE52725E1B80022CBBB /* Size.swift in Sources */ = {isa = PBXBuildFile; fileRef = 15061FE42725E1B80022CBBB /* Size.swift */; };
		151297BE28FB0B98000BB26C /* ContentViewModel.swift in Sources */ = {isa = PBXBuildFile; fileRef = 151297BD28FB0B98000BB26C /* ContentViewModel.swift */; };
		151A063926E27F9800F8760D /* DataRepository.swift in Sources */ = {isa = PBXBuildFile; fileRef = 151A063826E27F9800F8760D /* DataRepository.swift */; };
		152CDB60266FEB1F003B65C4 /* LegacyTextField.swift in Sources */ = {isa = PBXBuildFile; fileRef = 152CDB5F266FEB1F003B65C4 /* LegacyTextField.swift */; };
		152F3C492649B53F000D564B /* SlideOverCard in Frameworks */ = {isa = PBXBuildFile; productRef = 152F3C482649B53F000D564B /* SlideOverCard */; };
		152F3C4B264C6F71000D564B /* SearchBarButton.swift in Sources */ = {isa = PBXBuildFile; fileRef = 152F3C4A264C6F71000D564B /* SearchBarButton.swift */; };
		15300A88266C1F47000AAAF6 /* SearchCriteria.swift in Sources */ = {isa = PBXBuildFile; fileRef = 15300A87266C1F47000AAAF6 /* SearchCriteria.swift */; };
		1535635C2739BABC007B1959 /* FavoriteListScreen.swift in Sources */ = {isa = PBXBuildFile; fileRef = 1535635B2739BABC007B1959 /* FavoriteListScreen.swift */; };
		1535635E2739BDCD007B1959 /* FavoriteListViewModel.swift in Sources */ = {isa = PBXBuildFile; fileRef = 1535635D2739BDCD007B1959 /* FavoriteListViewModel.swift */; };
		1539F18026E4ED67009889B5 /* FirstnameDataModel.swift in Sources */ = {isa = PBXBuildFile; fileRef = 1539F17F26E4ED67009889B5 /* FirstnameDataModel.swift */; };
		1544144F264F52BD00BA6887 /* Colors.xcassets in Resources */ = {isa = PBXBuildFile; fileRef = 1544144E264F52BD00BA6887 /* Colors.xcassets */; };
		15454CCA27590D6A00D0B699 /* L10n-swift in Frameworks */ = {isa = PBXBuildFile; productRef = 15454CC927590D6A00D0B699 /* L10n-swift */; };
		15515FC52677D04B009C2BDF /* Realm in Frameworks */ = {isa = PBXBuildFile; productRef = 15515FC42677D04B009C2BDF /* Realm */; };
		15515FC72677D04B009C2BDF /* RealmSwift in Frameworks */ = {isa = PBXBuildFile; productRef = 15515FC62677D04B009C2BDF /* RealmSwift */; };
		15515FC92677D423009C2BDF /* FirstnameDB.swift in Sources */ = {isa = PBXBuildFile; fileRef = 15515FC82677D423009C2BDF /* FirstnameDB.swift */; };
		15515FCC2677E35F009C2BDF /* MOCK_DATA.json in Resources */ = {isa = PBXBuildFile; fileRef = 15515FCB2677E35F009C2BDF /* MOCK_DATA.json */; };
		15515FCE2677E39A009C2BDF /* FirstnamesMock.swift in Sources */ = {isa = PBXBuildFile; fileRef = 15515FCD2677E39A009C2BDF /* FirstnamesMock.swift */; };
		15640716266836830084908F /* Vibration.swift in Sources */ = {isa = PBXBuildFile; fileRef = 15640715266836830084908F /* Vibration.swift */; };
		15645E86263B54E20017E8B7 /* AdaptiveView.swift in Sources */ = {isa = PBXBuildFile; fileRef = 15645E85263B54E20017E8B7 /* AdaptiveView.swift */; };
		15645E88263B5B8B0017E8B7 /* LandscapeModifier.swift in Sources */ = {isa = PBXBuildFile; fileRef = 15645E87263B5B8B0017E8B7 /* LandscapeModifier.swift */; };
		156F0AE22608172F0076AB4B /* PrenomAfricainsApp.swift in Sources */ = {isa = PBXBuildFile; fileRef = 156F0AE12608172F0076AB4B /* PrenomAfricainsApp.swift */; };
		156F0AE42608172F0076AB4B /* ContentView.swift in Sources */ = {isa = PBXBuildFile; fileRef = 156F0AE32608172F0076AB4B /* ContentView.swift */; };
		156F0AE6260817300076AB4B /* Assets.xcassets in Resources */ = {isa = PBXBuildFile; fileRef = 156F0AE5260817300076AB4B /* Assets.xcassets */; };
		156F0AE9260817300076AB4B /* Preview Assets.xcassets in Resources */ = {isa = PBXBuildFile; fileRef = 156F0AE8260817300076AB4B /* Preview Assets.xcassets */; };
		156F0AFF260817300076AB4B /* PrenomAfricainsUITests.swift in Sources */ = {isa = PBXBuildFile; fileRef = 156F0AFE260817300076AB4B /* PrenomAfricainsUITests.swift */; };
		156F0B11260817690076AB4B /* CircleFirstName.swift in Sources */ = {isa = PBXBuildFile; fileRef = 156F0B10260817690076AB4B /* CircleFirstName.swift */; };
		156F0B1A26081CA60076AB4B /* Lottie in Frameworks */ = {isa = PBXBuildFile; productRef = 156F0B1926081CA60076AB4B /* Lottie */; };
		156F0B2226081D6C0076AB4B /* sound.json in Resources */ = {isa = PBXBuildFile; fileRef = 156F0B2126081D6C0076AB4B /* sound.json */; };
		156F0B2726081DA40076AB4B /* LottieView.swift in Sources */ = {isa = PBXBuildFile; fileRef = 156F0B2626081DA40076AB4B /* LottieView.swift */; };
		156F0B2C260821470076AB4B /* DescriptionView.swift in Sources */ = {isa = PBXBuildFile; fileRef = 156F0B2B260821470076AB4B /* DescriptionView.swift */; };
		156F0B32260825910076AB4B /* MainScreen.swift in Sources */ = {isa = PBXBuildFile; fileRef = 156F0B31260825910076AB4B /* MainScreen.swift */; };
		157FFA51273EB9300037E32A /* noresults.json in Resources */ = {isa = PBXBuildFile; fileRef = 157FFA50273EB9300037E32A /* noresults.json */; };
		157FFA53273EC50E0037E32A /* ArrayExtension.swift in Sources */ = {isa = PBXBuildFile; fileRef = 157FFA52273EC50E0037E32A /* ArrayExtension.swift */; };
		157FFA55273ED3540037E32A /* FilterChip.swift in Sources */ = {isa = PBXBuildFile; fileRef = 157FFA54273ED3540037E32A /* FilterChip.swift */; };
		157FFA57273EF2BF0037E32A /* WaveShape.swift in Sources */ = {isa = PBXBuildFile; fileRef = 157FFA56273EF2BF0037E32A /* WaveShape.swift */; };
		157FFA59273F14410037E32A /* heart_like.json in Resources */ = {isa = PBXBuildFile; fileRef = 157FFA58273F14410037E32A /* heart_like.json */; };
		157FFA5B273F15D40037E32A /* heart_like_white.json in Resources */ = {isa = PBXBuildFile; fileRef = 157FFA5A273F15D40037E32A /* heart_like_white.json */; };
		157FFA5D273F252B0037E32A /* loading-rainbow.json in Resources */ = {isa = PBXBuildFile; fileRef = 157FFA5C273F252B0037E32A /* loading-rainbow.json */; };
		1587CC2F273FEF220007B89A /* ViewExtension.swift in Sources */ = {isa = PBXBuildFile; fileRef = 1587CC2E273FEF220007B89A /* ViewExtension.swift */; };
		1587CC31273FF0DB0007B89A /* UIColorExtension.swift in Sources */ = {isa = PBXBuildFile; fileRef = 1587CC30273FF0DB0007B89A /* UIColorExtension.swift */; };
		1588BCDB273D512000F91E42 /* FirstNameViewModelTests.swift in Sources */ = {isa = PBXBuildFile; fileRef = 1588BCDA273D512000F91E42 /* FirstNameViewModelTests.swift */; };
		1588BCDD273D571400F91E42 /* DataRepositoryTest.swift in Sources */ = {isa = PBXBuildFile; fileRef = 1588BCDC273D571400F91E42 /* DataRepositoryTest.swift */; };
		1588BCDF273DFE1900F91E42 /* FirstnameApiServiceTests.swift in Sources */ = {isa = PBXBuildFile; fileRef = 1588BCDE273DFE1900F91E42 /* FirstnameApiServiceTests.swift */; };
		1588BCE3273E00CC00F91E42 /* MockURLProtocol.swift in Sources */ = {isa = PBXBuildFile; fileRef = 1588BCE2273E00CC00F91E42 /* MockURLProtocol.swift */; };
		1598AA8828D61D7500CB600A /* RequestInterceptor.swift in Sources */ = {isa = PBXBuildFile; fileRef = 1598AA8728D61D7500CB600A /* RequestInterceptor.swift */; };
		1598AA8A28D6291500CB600A /* AuthentificationService.swift in Sources */ = {isa = PBXBuildFile; fileRef = 1598AA8928D6291500CB600A /* AuthentificationService.swift */; };
		15A134BC272476EB0019AE90 /* md-male-select.json in Resources */ = {isa = PBXBuildFile; fileRef = 15A134BB272476EB0019AE90 /* md-male-select.json */; };
		15A134BF272572D80019AE90 /* FirstNameApiService.swift in Sources */ = {isa = PBXBuildFile; fileRef = 15A134BE272572D80019AE90 /* FirstNameApiService.swift */; };
		15AA134C2751467200EB98FE /* PopoverView.swift in Sources */ = {isa = PBXBuildFile; fileRef = 15AA134B2751467200EB98FE /* PopoverView.swift */; };
		15ABCB3C262A564B00036B3E /* PrenomAfricainsSlowTests.swift in Sources */ = {isa = PBXBuildFile; fileRef = 15ABCB3B262A564B00036B3E /* PrenomAfricainsSlowTests.swift */; };
		15ABCB48262A59B600036B3E /* NetworkMonitor.swift in Sources */ = {isa = PBXBuildFile; fileRef = 15ABCB47262A59B600036B3E /* NetworkMonitor.swift */; };
		15BE326E2624D0E700D8DC8D /* Alamofire in Frameworks */ = {isa = PBXBuildFile; productRef = 15BE326D2624D0E700D8DC8D /* Alamofire */; };
		15CAC5212646D7F7007E838C /* SearchBarView.swift in Sources */ = {isa = PBXBuildFile; fileRef = 15CAC5202646D7F7007E838C /* SearchBarView.swift */; };
		15CAC5232646E837007E838C /* SearchScreen.swift in Sources */ = {isa = PBXBuildFile; fileRef = 15CAC5222646E837007E838C /* SearchScreen.swift */; };
		15CAC5252646ECF1007E838C /* ChipsOptionView.swift in Sources */ = {isa = PBXBuildFile; fileRef = 15CAC5242646ECF1007E838C /* ChipsOptionView.swift */; };
		15CE567428E84A3700F09FE3 /* LoginResponse.swift in Sources */ = {isa = PBXBuildFile; fileRef = 15CE567328E84A3700F09FE3 /* LoginResponse.swift */; };
		15CE567628E8568200F09FE3 /* LoginPayload.swift in Sources */ = {isa = PBXBuildFile; fileRef = 15CE567528E8568200F09FE3 /* LoginPayload.swift */; };
		15CE567828E858CF00F09FE3 /* KeychainManager.swift in Sources */ = {isa = PBXBuildFile; fileRef = 15CE567728E858CF00F09FE3 /* KeychainManager.swift */; };
		15CE567C28E8690700F09FE3 /* AuthToken.swift in Sources */ = {isa = PBXBuildFile; fileRef = 15CE567B28E8690700F09FE3 /* AuthToken.swift */; };
		15CE568028E893D400F09FE3 /* PrintOption.swift in Sources */ = {isa = PBXBuildFile; fileRef = 15CE567F28E893D400F09FE3 /* PrintOption.swift */; };
		15D167222751CB7A00992D7C /* UIDevice.swift in Sources */ = {isa = PBXBuildFile; fileRef = 15D167212751CB7A00992D7C /* UIDevice.swift */; };
		15D4A12E2723752000D8BCA4 /* md-female-select.json in Resources */ = {isa = PBXBuildFile; fileRef = 15D4A12D2723752000D8BCA4 /* md-female-select.json */; };
		15E052C7275046BD00C38715 /* FavoriteListViewModelTest.swift in Sources */ = {isa = PBXBuildFile; fileRef = 15E052C6275046BD00C38715 /* FavoriteListViewModelTest.swift */; };
		15E052C9275046E300C38715 /* SearchScreenViewModelTest.swift in Sources */ = {isa = PBXBuildFile; fileRef = 15E052C8275046E300C38715 /* SearchScreenViewModelTest.swift */; };
		15E052CD275047C800C38715 /* Configuration.swift in Sources */ = {isa = PBXBuildFile; fileRef = 15E052CC275047C800C38715 /* Configuration.swift */; };
		15E052CF2750492700C38715 /* ParamViewModel.swift in Sources */ = {isa = PBXBuildFile; fileRef = 15E052CE2750492700C38715 /* ParamViewModel.swift */; };
		15E8DE45266308DE0036A99F /* ChipsDataModel.swift in Sources */ = {isa = PBXBuildFile; fileRef = 15E8DE44266308DE0036A99F /* ChipsDataModel.swift */; };
		15E8DE472663093B0036A99F /* ChipsView.swift in Sources */ = {isa = PBXBuildFile; fileRef = 15E8DE462663093B0036A99F /* ChipsView.swift */; };
		15E8DE49266366390036A99F /* SearchScreenViewModel.swift in Sources */ = {isa = PBXBuildFile; fileRef = 15E8DE48266366390036A99F /* SearchScreenViewModel.swift */; };
		15EA7DE0260921A0006BC8F2 /* MenuView.swift in Sources */ = {isa = PBXBuildFile; fileRef = 15EA7DDF260921A0006BC8F2 /* MenuView.swift */; };
		15EA7DE6260933C8006BC8F2 /* Gender.swift in Sources */ = {isa = PBXBuildFile; fileRef = 15EA7DE5260933C8006BC8F2 /* Gender.swift */; };
		15EA7DF026094112006BC8F2 /* FirstNameViewModel.swift in Sources */ = {isa = PBXBuildFile; fileRef = 15EA7DEF26094112006BC8F2 /* FirstNameViewModel.swift */; };
		15EFF4AF290FCDCD00755906 /* GoogleService-Info.plist in Resources */ = {isa = PBXBuildFile; fileRef = 15EFF4AE290FCDCD00755906 /* GoogleService-Info.plist */; };
		15EFF4B2290FD10200755906 /* FirebaseAnalyticsSwift in Frameworks */ = {isa = PBXBuildFile; productRef = 15EFF4B1290FD10200755906 /* FirebaseAnalyticsSwift */; };
		15EFF4B4290FD10200755906 /* FirebaseCrashlytics in Frameworks */ = {isa = PBXBuildFile; productRef = 15EFF4B3290FD10200755906 /* FirebaseCrashlytics */; };
		15EFF4B6290FD10200755906 /* FirebaseDynamicLinks in Frameworks */ = {isa = PBXBuildFile; productRef = 15EFF4B5290FD10200755906 /* FirebaseDynamicLinks */; };
		15EFF4B8290FD10200755906 /* FirebaseRemoteConfigSwift in Frameworks */ = {isa = PBXBuildFile; productRef = 15EFF4B7290FD10200755906 /* FirebaseRemoteConfigSwift */; };
		15F880102740285500766E30 /* ShareButtonView.swift in Sources */ = {isa = PBXBuildFile; fileRef = 15F8800F2740285500766E30 /* ShareButtonView.swift */; };
		15F8801427404D8200766E30 /* CountryLibrary.swift in Sources */ = {isa = PBXBuildFile; fileRef = 15F8801327404D8200766E30 /* CountryLibrary.swift */; };
		15F8801627404DC600766E30 /* CountryLibraryTest.swift in Sources */ = {isa = PBXBuildFile; fileRef = 15F8801527404DC600766E30 /* CountryLibraryTest.swift */; };
		15F880182740514900766E30 /* ParamScreen.swift in Sources */ = {isa = PBXBuildFile; fileRef = 15F880172740514900766E30 /* ParamScreen.swift */; };
		15F8801927408CC400766E30 /* Localizable.strings in Resources */ = {isa = PBXBuildFile; fileRef = 15F8801B27408CC400766E30 /* Localizable.strings */; };
		15FC2A4B2648A10B0025BCF3 /* SlidingOverCard.swift in Sources */ = {isa = PBXBuildFile; fileRef = 15FC2A4A2648A10B0025BCF3 /* SlidingOverCard.swift */; };
		15FC2A4D2648A12F0025BCF3 /* Handle.swift in Sources */ = {isa = PBXBuildFile; fileRef = 15FC2A4C2648A12F0025BCF3 /* Handle.swift */; };
/* End PBXBuildFile section */

/* Begin PBXContainerItemProxy section */
		156F0AF0260817300076AB4B /* PBXContainerItemProxy */ = {
			isa = PBXContainerItemProxy;
			containerPortal = 156F0AD62608172F0076AB4B /* Project object */;
			proxyType = 1;
			remoteGlobalIDString = 156F0ADD2608172F0076AB4B;
			remoteInfo = "Prenom Africains";
		};
		156F0AFB260817300076AB4B /* PBXContainerItemProxy */ = {
			isa = PBXContainerItemProxy;
			containerPortal = 156F0AD62608172F0076AB4B /* Project object */;
			proxyType = 1;
			remoteGlobalIDString = 156F0ADD2608172F0076AB4B;
			remoteInfo = "Prenom Africains";
		};
		15ABCB3E262A564B00036B3E /* PBXContainerItemProxy */ = {
			isa = PBXContainerItemProxy;
			containerPortal = 156F0AD62608172F0076AB4B /* Project object */;
			proxyType = 1;
			remoteGlobalIDString = 156F0ADD2608172F0076AB4B;
			remoteInfo = "Prenom Africains";
		};
/* End PBXContainerItemProxy section */

/* Begin PBXFileReference section */
		15061FE42725E1B80022CBBB /* Size.swift */ = {isa = PBXFileReference; lastKnownFileType = sourcecode.swift; path = Size.swift; sourceTree = "<group>"; };
		151297BD28FB0B98000BB26C /* ContentViewModel.swift */ = {isa = PBXFileReference; lastKnownFileType = sourcecode.swift; path = ContentViewModel.swift; sourceTree = "<group>"; };
		151A063826E27F9800F8760D /* DataRepository.swift */ = {isa = PBXFileReference; lastKnownFileType = sourcecode.swift; path = DataRepository.swift; sourceTree = "<group>"; };
		152CDB5F266FEB1F003B65C4 /* LegacyTextField.swift */ = {isa = PBXFileReference; lastKnownFileType = sourcecode.swift; path = LegacyTextField.swift; sourceTree = "<group>"; };
		152F3C4A264C6F71000D564B /* SearchBarButton.swift */ = {isa = PBXFileReference; lastKnownFileType = sourcecode.swift; path = SearchBarButton.swift; sourceTree = "<group>"; };
		15300A87266C1F47000AAAF6 /* SearchCriteria.swift */ = {isa = PBXFileReference; lastKnownFileType = sourcecode.swift; path = SearchCriteria.swift; sourceTree = "<group>"; };
		1535635B2739BABC007B1959 /* FavoriteListScreen.swift */ = {isa = PBXFileReference; lastKnownFileType = sourcecode.swift; path = FavoriteListScreen.swift; sourceTree = "<group>"; };
		1535635D2739BDCD007B1959 /* FavoriteListViewModel.swift */ = {isa = PBXFileReference; lastKnownFileType = sourcecode.swift; path = FavoriteListViewModel.swift; sourceTree = "<group>"; };
		1539F17F26E4ED67009889B5 /* FirstnameDataModel.swift */ = {isa = PBXFileReference; fileEncoding = 4; lastKnownFileType = sourcecode.swift; path = FirstnameDataModel.swift; sourceTree = "<group>"; };
		1544144E264F52BD00BA6887 /* Colors.xcassets */ = {isa = PBXFileReference; lastKnownFileType = folder.assetcatalog; path = Colors.xcassets; sourceTree = "<group>"; };
		15515FC82677D423009C2BDF /* FirstnameDB.swift */ = {isa = PBXFileReference; lastKnownFileType = sourcecode.swift; path = FirstnameDB.swift; sourceTree = "<group>"; };
		15515FCB2677E35F009C2BDF /* MOCK_DATA.json */ = {isa = PBXFileReference; fileEncoding = 4; lastKnownFileType = text.json; path = MOCK_DATA.json; sourceTree = "<group>"; };
		15515FCD2677E39A009C2BDF /* FirstnamesMock.swift */ = {isa = PBXFileReference; lastKnownFileType = sourcecode.swift; path = FirstnamesMock.swift; sourceTree = "<group>"; };
		15640715266836830084908F /* Vibration.swift */ = {isa = PBXFileReference; lastKnownFileType = sourcecode.swift; path = Vibration.swift; sourceTree = "<group>"; };
		15645E85263B54E20017E8B7 /* AdaptiveView.swift */ = {isa = PBXFileReference; lastKnownFileType = sourcecode.swift; path = AdaptiveView.swift; sourceTree = "<group>"; };
		15645E87263B5B8B0017E8B7 /* LandscapeModifier.swift */ = {isa = PBXFileReference; lastKnownFileType = sourcecode.swift; path = LandscapeModifier.swift; sourceTree = "<group>"; };
		156F0ADE2608172F0076AB4B /* Prenom Africains.app */ = {isa = PBXFileReference; explicitFileType = wrapper.application; includeInIndex = 0; path = "Prenom Africains.app"; sourceTree = BUILT_PRODUCTS_DIR; };
		156F0AE12608172F0076AB4B /* PrenomAfricainsApp.swift */ = {isa = PBXFileReference; lastKnownFileType = sourcecode.swift; path = PrenomAfricainsApp.swift; sourceTree = "<group>"; };
		156F0AE32608172F0076AB4B /* ContentView.swift */ = {isa = PBXFileReference; lastKnownFileType = sourcecode.swift; path = ContentView.swift; sourceTree = "<group>"; };
		156F0AE5260817300076AB4B /* Assets.xcassets */ = {isa = PBXFileReference; lastKnownFileType = folder.assetcatalog; path = Assets.xcassets; sourceTree = "<group>"; };
		156F0AE8260817300076AB4B /* Preview Assets.xcassets */ = {isa = PBXFileReference; lastKnownFileType = folder.assetcatalog; path = "Preview Assets.xcassets"; sourceTree = "<group>"; };
		156F0AEA260817300076AB4B /* Info.plist */ = {isa = PBXFileReference; lastKnownFileType = text.plist.xml; path = Info.plist; sourceTree = "<group>"; };
		156F0AEF260817300076AB4B /* Prenom AfricainsTests.xctest */ = {isa = PBXFileReference; explicitFileType = wrapper.cfbundle; includeInIndex = 0; path = "Prenom AfricainsTests.xctest"; sourceTree = BUILT_PRODUCTS_DIR; };
		156F0AF5260817300076AB4B /* Info.plist */ = {isa = PBXFileReference; lastKnownFileType = text.plist.xml; path = Info.plist; sourceTree = "<group>"; };
		156F0AFA260817300076AB4B /* Prenom AfricainsUITests.xctest */ = {isa = PBXFileReference; explicitFileType = wrapper.cfbundle; includeInIndex = 0; path = "Prenom AfricainsUITests.xctest"; sourceTree = BUILT_PRODUCTS_DIR; };
		156F0AFE260817300076AB4B /* PrenomAfricainsUITests.swift */ = {isa = PBXFileReference; lastKnownFileType = sourcecode.swift; path = PrenomAfricainsUITests.swift; sourceTree = "<group>"; };
		156F0B00260817300076AB4B /* Info.plist */ = {isa = PBXFileReference; lastKnownFileType = text.plist.xml; path = Info.plist; sourceTree = "<group>"; };
		156F0B10260817690076AB4B /* CircleFirstName.swift */ = {isa = PBXFileReference; lastKnownFileType = sourcecode.swift; path = CircleFirstName.swift; sourceTree = "<group>"; };
		156F0B2126081D6C0076AB4B /* sound.json */ = {isa = PBXFileReference; fileEncoding = 4; lastKnownFileType = text.json; path = sound.json; sourceTree = "<group>"; };
		156F0B2626081DA40076AB4B /* LottieView.swift */ = {isa = PBXFileReference; lastKnownFileType = sourcecode.swift; path = LottieView.swift; sourceTree = "<group>"; };
		156F0B2B260821470076AB4B /* DescriptionView.swift */ = {isa = PBXFileReference; lastKnownFileType = sourcecode.swift; path = DescriptionView.swift; sourceTree = "<group>"; };
		156F0B31260825910076AB4B /* MainScreen.swift */ = {isa = PBXFileReference; lastKnownFileType = sourcecode.swift; path = MainScreen.swift; sourceTree = "<group>"; };
		157FFA50273EB9300037E32A /* noresults.json */ = {isa = PBXFileReference; fileEncoding = 4; lastKnownFileType = text.json; path = noresults.json; sourceTree = "<group>"; };
		157FFA52273EC50E0037E32A /* ArrayExtension.swift */ = {isa = PBXFileReference; lastKnownFileType = sourcecode.swift; path = ArrayExtension.swift; sourceTree = "<group>"; };
		157FFA54273ED3540037E32A /* FilterChip.swift */ = {isa = PBXFileReference; lastKnownFileType = sourcecode.swift; path = FilterChip.swift; sourceTree = "<group>"; };
		157FFA56273EF2BF0037E32A /* WaveShape.swift */ = {isa = PBXFileReference; lastKnownFileType = sourcecode.swift; path = WaveShape.swift; sourceTree = "<group>"; };
		157FFA58273F14410037E32A /* heart_like.json */ = {isa = PBXFileReference; fileEncoding = 4; lastKnownFileType = text.json; path = heart_like.json; sourceTree = "<group>"; };
		157FFA5A273F15D40037E32A /* heart_like_white.json */ = {isa = PBXFileReference; fileEncoding = 4; lastKnownFileType = text.json; path = heart_like_white.json; sourceTree = "<group>"; };
		157FFA5C273F252B0037E32A /* loading-rainbow.json */ = {isa = PBXFileReference; fileEncoding = 4; lastKnownFileType = text.json; path = "loading-rainbow.json"; sourceTree = "<group>"; };
		1587CC2E273FEF220007B89A /* ViewExtension.swift */ = {isa = PBXFileReference; lastKnownFileType = sourcecode.swift; path = ViewExtension.swift; sourceTree = "<group>"; };
		1587CC30273FF0DB0007B89A /* UIColorExtension.swift */ = {isa = PBXFileReference; lastKnownFileType = sourcecode.swift; path = UIColorExtension.swift; sourceTree = "<group>"; };
		1588BCDA273D512000F91E42 /* FirstNameViewModelTests.swift */ = {isa = PBXFileReference; lastKnownFileType = sourcecode.swift; path = FirstNameViewModelTests.swift; sourceTree = "<group>"; };
		1588BCDC273D571400F91E42 /* DataRepositoryTest.swift */ = {isa = PBXFileReference; lastKnownFileType = sourcecode.swift; path = DataRepositoryTest.swift; sourceTree = "<group>"; };
		1588BCDE273DFE1900F91E42 /* FirstnameApiServiceTests.swift */ = {isa = PBXFileReference; lastKnownFileType = sourcecode.swift; path = FirstnameApiServiceTests.swift; sourceTree = "<group>"; };
		1588BCE2273E00CC00F91E42 /* MockURLProtocol.swift */ = {isa = PBXFileReference; lastKnownFileType = sourcecode.swift; path = MockURLProtocol.swift; sourceTree = "<group>"; };
		1598AA8728D61D7500CB600A /* RequestInterceptor.swift */ = {isa = PBXFileReference; lastKnownFileType = sourcecode.swift; path = RequestInterceptor.swift; sourceTree = "<group>"; };
		1598AA8928D6291500CB600A /* AuthentificationService.swift */ = {isa = PBXFileReference; lastKnownFileType = sourcecode.swift; path = AuthentificationService.swift; sourceTree = "<group>"; };
		15A134BB272476EB0019AE90 /* md-male-select.json */ = {isa = PBXFileReference; fileEncoding = 4; lastKnownFileType = text.json; path = "md-male-select.json"; sourceTree = "<group>"; };
		15A134BE272572D80019AE90 /* FirstNameApiService.swift */ = {isa = PBXFileReference; lastKnownFileType = sourcecode.swift; path = FirstNameApiService.swift; sourceTree = "<group>"; };
		15AA134B2751467200EB98FE /* PopoverView.swift */ = {isa = PBXFileReference; lastKnownFileType = sourcecode.swift; path = PopoverView.swift; sourceTree = "<group>"; };
		15ABCB39262A564B00036B3E /* Prenom AfricainsSlowTests.xctest */ = {isa = PBXFileReference; explicitFileType = wrapper.cfbundle; includeInIndex = 0; path = "Prenom AfricainsSlowTests.xctest"; sourceTree = BUILT_PRODUCTS_DIR; };
		15ABCB3B262A564B00036B3E /* PrenomAfricainsSlowTests.swift */ = {isa = PBXFileReference; lastKnownFileType = sourcecode.swift; path = PrenomAfricainsSlowTests.swift; sourceTree = "<group>"; };
		15ABCB3D262A564B00036B3E /* Info.plist */ = {isa = PBXFileReference; lastKnownFileType = text.plist.xml; path = Info.plist; sourceTree = "<group>"; };
		15ABCB47262A59B600036B3E /* NetworkMonitor.swift */ = {isa = PBXFileReference; lastKnownFileType = sourcecode.swift; path = NetworkMonitor.swift; sourceTree = "<group>"; };
		15CAC5202646D7F7007E838C /* SearchBarView.swift */ = {isa = PBXFileReference; lastKnownFileType = sourcecode.swift; path = SearchBarView.swift; sourceTree = "<group>"; };
		15CAC5222646E837007E838C /* SearchScreen.swift */ = {isa = PBXFileReference; lastKnownFileType = sourcecode.swift; path = SearchScreen.swift; sourceTree = "<group>"; };
		15CAC5242646ECF1007E838C /* ChipsOptionView.swift */ = {isa = PBXFileReference; lastKnownFileType = sourcecode.swift; path = ChipsOptionView.swift; sourceTree = "<group>"; };
		15CE567328E84A3700F09FE3 /* LoginResponse.swift */ = {isa = PBXFileReference; lastKnownFileType = sourcecode.swift; path = LoginResponse.swift; sourceTree = "<group>"; };
		15CE567528E8568200F09FE3 /* LoginPayload.swift */ = {isa = PBXFileReference; lastKnownFileType = sourcecode.swift; path = LoginPayload.swift; sourceTree = "<group>"; };
		15CE567728E858CF00F09FE3 /* KeychainManager.swift */ = {isa = PBXFileReference; lastKnownFileType = sourcecode.swift; path = KeychainManager.swift; sourceTree = "<group>"; };
		15CE567B28E8690700F09FE3 /* AuthToken.swift */ = {isa = PBXFileReference; lastKnownFileType = sourcecode.swift; path = AuthToken.swift; sourceTree = "<group>"; };
		15CE567F28E893D400F09FE3 /* PrintOption.swift */ = {isa = PBXFileReference; lastKnownFileType = sourcecode.swift; path = PrintOption.swift; sourceTree = "<group>"; };
		15D167212751CB7A00992D7C /* UIDevice.swift */ = {isa = PBXFileReference; lastKnownFileType = sourcecode.swift; path = UIDevice.swift; sourceTree = "<group>"; };
		15D4A12D2723752000D8BCA4 /* md-female-select.json */ = {isa = PBXFileReference; fileEncoding = 4; lastKnownFileType = text.json; path = "md-female-select.json"; sourceTree = "<group>"; };
		15E052C6275046BD00C38715 /* FavoriteListViewModelTest.swift */ = {isa = PBXFileReference; lastKnownFileType = sourcecode.swift; path = FavoriteListViewModelTest.swift; sourceTree = "<group>"; };
		15E052C8275046E300C38715 /* SearchScreenViewModelTest.swift */ = {isa = PBXFileReference; lastKnownFileType = sourcecode.swift; path = SearchScreenViewModelTest.swift; sourceTree = "<group>"; };
		15E052CA2750473600C38715 /* Dev.xcconfig */ = {isa = PBXFileReference; lastKnownFileType = text.xcconfig; path = Dev.xcconfig; sourceTree = "<group>"; };
		15E052CB2750474F00C38715 /* Release.xcconfig */ = {isa = PBXFileReference; lastKnownFileType = text.xcconfig; path = Release.xcconfig; sourceTree = "<group>"; };
		15E052CC275047C800C38715 /* Configuration.swift */ = {isa = PBXFileReference; lastKnownFileType = sourcecode.swift; path = Configuration.swift; sourceTree = "<group>"; };
		15E052CE2750492700C38715 /* ParamViewModel.swift */ = {isa = PBXFileReference; lastKnownFileType = sourcecode.swift; path = ParamViewModel.swift; sourceTree = "<group>"; };
		15E8DE44266308DE0036A99F /* ChipsDataModel.swift */ = {isa = PBXFileReference; lastKnownFileType = sourcecode.swift; path = ChipsDataModel.swift; sourceTree = "<group>"; };
		15E8DE462663093B0036A99F /* ChipsView.swift */ = {isa = PBXFileReference; lastKnownFileType = sourcecode.swift; path = ChipsView.swift; sourceTree = "<group>"; };
		15E8DE48266366390036A99F /* SearchScreenViewModel.swift */ = {isa = PBXFileReference; lastKnownFileType = sourcecode.swift; path = SearchScreenViewModel.swift; sourceTree = "<group>"; };
		15EA7DDF260921A0006BC8F2 /* MenuView.swift */ = {isa = PBXFileReference; lastKnownFileType = sourcecode.swift; path = MenuView.swift; sourceTree = "<group>"; };
		15EA7DE5260933C8006BC8F2 /* Gender.swift */ = {isa = PBXFileReference; lastKnownFileType = sourcecode.swift; path = Gender.swift; sourceTree = "<group>"; };
		15EA7DEF26094112006BC8F2 /* FirstNameViewModel.swift */ = {isa = PBXFileReference; lastKnownFileType = sourcecode.swift; path = FirstNameViewModel.swift; sourceTree = "<group>"; };
		15EFF4AE290FCDCD00755906 /* GoogleService-Info.plist */ = {isa = PBXFileReference; fileEncoding = 4; lastKnownFileType = text.plist.xml; path = "GoogleService-Info.plist"; sourceTree = "<group>"; };
		15EFF4BA2910255F00755906 /* Prenom Africains.entitlements */ = {isa = PBXFileReference; lastKnownFileType = text.plist.entitlements; path = "Prenom Africains.entitlements"; sourceTree = "<group>"; };
		15F8800F2740285500766E30 /* ShareButtonView.swift */ = {isa = PBXFileReference; lastKnownFileType = sourcecode.swift; path = ShareButtonView.swift; sourceTree = "<group>"; };
		15F8801327404D8200766E30 /* CountryLibrary.swift */ = {isa = PBXFileReference; lastKnownFileType = sourcecode.swift; path = CountryLibrary.swift; sourceTree = "<group>"; };
		15F8801527404DC600766E30 /* CountryLibraryTest.swift */ = {isa = PBXFileReference; lastKnownFileType = sourcecode.swift; path = CountryLibraryTest.swift; sourceTree = "<group>"; };
		15F880172740514900766E30 /* ParamScreen.swift */ = {isa = PBXFileReference; lastKnownFileType = sourcecode.swift; path = ParamScreen.swift; sourceTree = "<group>"; };
		15F8801A27408CC400766E30 /* en */ = {isa = PBXFileReference; lastKnownFileType = text.plist.strings; name = en; path = en.lproj/Localizable.strings; sourceTree = "<group>"; };
		15F8801C27408CC800766E30 /* fr */ = {isa = PBXFileReference; lastKnownFileType = text.plist.strings; name = fr; path = fr.lproj/Localizable.strings; sourceTree = "<group>"; };
		15F8801D27408CD400766E30 /* de */ = {isa = PBXFileReference; lastKnownFileType = text.plist.strings; name = de; path = de.lproj/Localizable.strings; sourceTree = "<group>"; };
		15F8801E27408CD500766E30 /* it */ = {isa = PBXFileReference; lastKnownFileType = text.plist.strings; name = it; path = it.lproj/Localizable.strings; sourceTree = "<group>"; };
		15FC2A4A2648A10B0025BCF3 /* SlidingOverCard.swift */ = {isa = PBXFileReference; lastKnownFileType = sourcecode.swift; path = SlidingOverCard.swift; sourceTree = "<group>"; };
		15FC2A4C2648A12F0025BCF3 /* Handle.swift */ = {isa = PBXFileReference; lastKnownFileType = sourcecode.swift; path = Handle.swift; sourceTree = "<group>"; };
/* End PBXFileReference section */

/* Begin PBXFrameworksBuildPhase section */
		156F0ADB2608172F0076AB4B /* Frameworks */ = {
			isa = PBXFrameworksBuildPhase;
			buildActionMask = 2147483647;
			files = (
				156F0B1A26081CA60076AB4B /* Lottie in Frameworks */,
				15454CCA27590D6A00D0B699 /* L10n-swift in Frameworks */,
				152F3C492649B53F000D564B /* SlideOverCard in Frameworks */,
				15515FC52677D04B009C2BDF /* Realm in Frameworks */,
				15EFF4B2290FD10200755906 /* FirebaseAnalyticsSwift in Frameworks */,
				15EFF4B6290FD10200755906 /* FirebaseDynamicLinks in Frameworks */,
				15EFF4B4290FD10200755906 /* FirebaseCrashlytics in Frameworks */,
				15EFF4B8290FD10200755906 /* FirebaseRemoteConfigSwift in Frameworks */,
				15515FC72677D04B009C2BDF /* RealmSwift in Frameworks */,
				15BE326E2624D0E700D8DC8D /* Alamofire in Frameworks */,
			);
			runOnlyForDeploymentPostprocessing = 0;
		};
		156F0AEC260817300076AB4B /* Frameworks */ = {
			isa = PBXFrameworksBuildPhase;
			buildActionMask = 2147483647;
			files = (
			);
			runOnlyForDeploymentPostprocessing = 0;
		};
		156F0AF7260817300076AB4B /* Frameworks */ = {
			isa = PBXFrameworksBuildPhase;
			buildActionMask = 2147483647;
			files = (
			);
			runOnlyForDeploymentPostprocessing = 0;
		};
		15ABCB36262A564B00036B3E /* Frameworks */ = {
			isa = PBXFrameworksBuildPhase;
			buildActionMask = 2147483647;
			files = (
			);
			runOnlyForDeploymentPostprocessing = 0;
		};
/* End PBXFrameworksBuildPhase section */

/* Begin PBXGroup section */
		151A063726E27F7700F8760D /* Repository */ = {
			isa = PBXGroup;
			children = (
				151A063826E27F9800F8760D /* DataRepository.swift */,
			);
			path = Repository;
			sourceTree = "<group>";
		};
		15515FCA2677E34E009C2BDF /* Mock */ = {
			isa = PBXGroup;
			children = (
				15515FCB2677E35F009C2BDF /* MOCK_DATA.json */,
				15515FCD2677E39A009C2BDF /* FirstnamesMock.swift */,
			);
			path = Mock;
			sourceTree = "<group>";
		};
		156F0AD52608172F0076AB4B = {
			isa = PBXGroup;
			children = (
				156F0AE02608172F0076AB4B /* Prenom Africains */,
				156F0AF2260817300076AB4B /* Prenom AfricainsTests */,
				156F0AFD260817300076AB4B /* Prenom AfricainsUITests */,
				15ABCB3A262A564B00036B3E /* Prenom AfricainsSlowTests */,
				156F0ADF2608172F0076AB4B /* Products */,
			);
			sourceTree = "<group>";
		};
		156F0ADF2608172F0076AB4B /* Products */ = {
			isa = PBXGroup;
			children = (
				156F0ADE2608172F0076AB4B /* Prenom Africains.app */,
				156F0AEF260817300076AB4B /* Prenom AfricainsTests.xctest */,
				156F0AFA260817300076AB4B /* Prenom AfricainsUITests.xctest */,
				15ABCB39262A564B00036B3E /* Prenom AfricainsSlowTests.xctest */,
			);
			name = Products;
			sourceTree = "<group>";
		};
		156F0AE02608172F0076AB4B /* Prenom Africains */ = {
			isa = PBXGroup;
			children = (
				15EFF4BA2910255F00755906 /* Prenom Africains.entitlements */,
				1587CC2D273FEED90007B89A /* Extension */,
				15A134BD272572A70019AE90 /* Service */,
				151A063726E27F7700F8760D /* Repository */,
				15FC2A49264855760025BCF3 /* Lottie File */,
				15CFF01A261396A100B06E32 /* Util */,
				156F0B30260825750076AB4B /* Screen */,
				15EA7DE4260933A3006BC8F2 /* Model */,
				15515FCA2677E34E009C2BDF /* Mock */,
				156F0B0F2608173E0076AB4B /* View */,
				15FC2A48264854F60025BCF3 /* ViewModel */,
				156F0AE12608172F0076AB4B /* PrenomAfricainsApp.swift */,
				156F0AE7260817300076AB4B /* Preview Content */,
				1544144E264F52BD00BA6887 /* Colors.xcassets */,
				156F0AE5260817300076AB4B /* Assets.xcassets */,
				15E052CA2750473600C38715 /* Dev.xcconfig */,
				15E052CB2750474F00C38715 /* Release.xcconfig */,
				156F0AEA260817300076AB4B /* Info.plist */,
				15EFF4AE290FCDCD00755906 /* GoogleService-Info.plist */,
				15F8801B27408CC400766E30 /* Localizable.strings */,
			);
			path = "Prenom Africains";
			sourceTree = "<group>";
		};
		156F0AE7260817300076AB4B /* Preview Content */ = {
			isa = PBXGroup;
			children = (
				156F0AE8260817300076AB4B /* Preview Assets.xcassets */,
			);
			path = "Preview Content";
			sourceTree = "<group>";
		};
		156F0AF2260817300076AB4B /* Prenom AfricainsTests */ = {
			isa = PBXGroup;
			children = (
				15F8801527404DC600766E30 /* CountryLibraryTest.swift */,
				1588BCDC273D571400F91E42 /* DataRepositoryTest.swift */,
				15E052C6275046BD00C38715 /* FavoriteListViewModelTest.swift */,
				1588BCDE273DFE1900F91E42 /* FirstnameApiServiceTests.swift */,
				1588BCDA273D512000F91E42 /* FirstNameViewModelTests.swift */,
				1588BCE2273E00CC00F91E42 /* MockURLProtocol.swift */,
				156F0AF5260817300076AB4B /* Info.plist */,
				15E052C8275046E300C38715 /* SearchScreenViewModelTest.swift */,
			);
			path = "Prenom AfricainsTests";
			sourceTree = "<group>";
		};
		156F0AFD260817300076AB4B /* Prenom AfricainsUITests */ = {
			isa = PBXGroup;
			children = (
				156F0AFE260817300076AB4B /* PrenomAfricainsUITests.swift */,
				156F0B00260817300076AB4B /* Info.plist */,
			);
			path = "Prenom AfricainsUITests";
			sourceTree = "<group>";
		};
		156F0B0F2608173E0076AB4B /* View */ = {
			isa = PBXGroup;
			children = (
				15645E85263B54E20017E8B7 /* AdaptiveView.swift */,
				156F0B10260817690076AB4B /* CircleFirstName.swift */,
				15CAC5242646ECF1007E838C /* ChipsOptionView.swift */,
				15E8DE462663093B0036A99F /* ChipsView.swift */,
				156F0B2B260821470076AB4B /* DescriptionView.swift */,
				157FFA54273ED3540037E32A /* FilterChip.swift */,
				15FC2A4C2648A12F0025BCF3 /* Handle.swift */,
				152CDB5F266FEB1F003B65C4 /* LegacyTextField.swift */,
				156F0B2626081DA40076AB4B /* LottieView.swift */,
				15EA7DDF260921A0006BC8F2 /* MenuView.swift */,
				15CAC5202646D7F7007E838C /* SearchBarView.swift */,
				152F3C4A264C6F71000D564B /* SearchBarButton.swift */,
				15F8800F2740285500766E30 /* ShareButtonView.swift */,
				15FC2A4A2648A10B0025BCF3 /* SlidingOverCard.swift */,
				157FFA56273EF2BF0037E32A /* WaveShape.swift */,
				15AA134B2751467200EB98FE /* PopoverView.swift */,
			);
			path = View;
			sourceTree = "<group>";
		};
		156F0B30260825750076AB4B /* Screen */ = {
			isa = PBXGroup;
			children = (
				156F0AE32608172F0076AB4B /* ContentView.swift */,
				1535635B2739BABC007B1959 /* FavoriteListScreen.swift */,
				156F0B31260825910076AB4B /* MainScreen.swift */,
				15F880172740514900766E30 /* ParamScreen.swift */,
				15CAC5222646E837007E838C /* SearchScreen.swift */,
			);
			path = Screen;
			sourceTree = "<group>";
		};
		1587CC2D273FEED90007B89A /* Extension */ = {
			isa = PBXGroup;
			children = (
				157FFA52273EC50E0037E32A /* ArrayExtension.swift */,
				1587CC30273FF0DB0007B89A /* UIColorExtension.swift */,
				1587CC2E273FEF220007B89A /* ViewExtension.swift */,
				15D167212751CB7A00992D7C /* UIDevice.swift */,
			);
			path = Extension;
			sourceTree = "<group>";
		};
		15A134BD272572A70019AE90 /* Service */ = {
			isa = PBXGroup;
			children = (
				15A134BE272572D80019AE90 /* FirstNameApiService.swift */,
				1598AA8928D6291500CB600A /* AuthentificationService.swift */,
			);
			path = Service;
			sourceTree = "<group>";
		};
		15ABCB3A262A564B00036B3E /* Prenom AfricainsSlowTests */ = {
			isa = PBXGroup;
			children = (
				15ABCB3B262A564B00036B3E /* PrenomAfricainsSlowTests.swift */,
				15ABCB3D262A564B00036B3E /* Info.plist */,
			);
			path = "Prenom AfricainsSlowTests";
			sourceTree = "<group>";
		};
		15CFF01A261396A100B06E32 /* Util */ = {
			isa = PBXGroup;
			children = (
				15F8801327404D8200766E30 /* CountryLibrary.swift */,
				15645E87263B5B8B0017E8B7 /* LandscapeModifier.swift */,
				15ABCB47262A59B600036B3E /* NetworkMonitor.swift */,
				15640715266836830084908F /* Vibration.swift */,
				15E052CC275047C800C38715 /* Configuration.swift */,
				1598AA8728D61D7500CB600A /* RequestInterceptor.swift */,
				15CE567728E858CF00F09FE3 /* KeychainManager.swift */,
				15CE567B28E8690700F09FE3 /* AuthToken.swift */,
				15CE567F28E893D400F09FE3 /* PrintOption.swift */,
			);
			path = Util;
			sourceTree = "<group>";
		};
		15EA7DE4260933A3006BC8F2 /* Model */ = {
			isa = PBXGroup;
			children = (
				15E8DE44266308DE0036A99F /* ChipsDataModel.swift */,
				1539F17F26E4ED67009889B5 /* FirstnameDataModel.swift */,
				15515FC82677D423009C2BDF /* FirstnameDB.swift */,
				15EA7DE5260933C8006BC8F2 /* Gender.swift */,
				15300A87266C1F47000AAAF6 /* SearchCriteria.swift */,
				15061FE42725E1B80022CBBB /* Size.swift */,
				15CE567328E84A3700F09FE3 /* LoginResponse.swift */,
				15CE567528E8568200F09FE3 /* LoginPayload.swift */,
			);
			path = Model;
			sourceTree = "<group>";
		};
		15FC2A48264854F60025BCF3 /* ViewModel */ = {
			isa = PBXGroup;
			children = (
				1535635D2739BDCD007B1959 /* FavoriteListViewModel.swift */,
				15EA7DEF26094112006BC8F2 /* FirstNameViewModel.swift */,
				15E8DE48266366390036A99F /* SearchScreenViewModel.swift */,
				15E052CE2750492700C38715 /* ParamViewModel.swift */,
				151297BD28FB0B98000BB26C /* ContentViewModel.swift */,
			);
			path = ViewModel;
			sourceTree = "<group>";
		};
		15FC2A49264855760025BCF3 /* Lottie File */ = {
			isa = PBXGroup;
			children = (
				157FFA58273F14410037E32A /* heart_like.json */,
				157FFA5A273F15D40037E32A /* heart_like_white.json */,
				157FFA5C273F252B0037E32A /* loading-rainbow.json */,
				15D4A12D2723752000D8BCA4 /* md-female-select.json */,
				15A134BB272476EB0019AE90 /* md-male-select.json */,
				157FFA50273EB9300037E32A /* noresults.json */,
				156F0B2126081D6C0076AB4B /* sound.json */,
			);
			path = "Lottie File";
			sourceTree = "<group>";
		};
/* End PBXGroup section */

/* Begin PBXNativeTarget section */
		156F0ADD2608172F0076AB4B /* Prenom Africains */ = {
			isa = PBXNativeTarget;
			buildConfigurationList = 156F0B03260817300076AB4B /* Build configuration list for PBXNativeTarget "Prenom Africains" */;
			buildPhases = (
				15640717266840A80084908F /* ShellScript */,
				156F0ADA2608172F0076AB4B /* Sources */,
				156F0ADB2608172F0076AB4B /* Frameworks */,
				156F0ADC2608172F0076AB4B /* Resources */,
				15EFF4B9290FDB4100755906 /* ShellScript */,
			);
			buildRules = (
			);
			dependencies = (
			);
			name = "Prenom Africains";
			packageProductDependencies = (
				156F0B1926081CA60076AB4B /* Lottie */,
				15BE326D2624D0E700D8DC8D /* Alamofire */,
				152F3C482649B53F000D564B /* SlideOverCard */,
				15515FC42677D04B009C2BDF /* Realm */,
				15515FC62677D04B009C2BDF /* RealmSwift */,
				15454CC927590D6A00D0B699 /* L10n-swift */,
				15EFF4B1290FD10200755906 /* FirebaseAnalyticsSwift */,
				15EFF4B3290FD10200755906 /* FirebaseCrashlytics */,
				15EFF4B5290FD10200755906 /* FirebaseDynamicLinks */,
				15EFF4B7290FD10200755906 /* FirebaseRemoteConfigSwift */,
			);
			productName = "Prenom Africains";
			productReference = 156F0ADE2608172F0076AB4B /* Prenom Africains.app */;
			productType = "com.apple.product-type.application";
		};
		156F0AEE260817300076AB4B /* Prenom AfricainsTests */ = {
			isa = PBXNativeTarget;
			buildConfigurationList = 156F0B06260817300076AB4B /* Build configuration list for PBXNativeTarget "Prenom AfricainsTests" */;
			buildPhases = (
				156F0AEB260817300076AB4B /* Sources */,
				156F0AEC260817300076AB4B /* Frameworks */,
				156F0AED260817300076AB4B /* Resources */,
			);
			buildRules = (
			);
			dependencies = (
				156F0AF1260817300076AB4B /* PBXTargetDependency */,
			);
			name = "Prenom AfricainsTests";
			productName = "Prenom AfricainsTests";
			productReference = 156F0AEF260817300076AB4B /* Prenom AfricainsTests.xctest */;
			productType = "com.apple.product-type.bundle.unit-test";
		};
		156F0AF9260817300076AB4B /* Prenom AfricainsUITests */ = {
			isa = PBXNativeTarget;
			buildConfigurationList = 156F0B09260817300076AB4B /* Build configuration list for PBXNativeTarget "Prenom AfricainsUITests" */;
			buildPhases = (
				156F0AF6260817300076AB4B /* Sources */,
				156F0AF7260817300076AB4B /* Frameworks */,
				156F0AF8260817300076AB4B /* Resources */,
			);
			buildRules = (
			);
			dependencies = (
				156F0AFC260817300076AB4B /* PBXTargetDependency */,
			);
			name = "Prenom AfricainsUITests";
			productName = "Prenom AfricainsUITests";
			productReference = 156F0AFA260817300076AB4B /* Prenom AfricainsUITests.xctest */;
			productType = "com.apple.product-type.bundle.ui-testing";
		};
		15ABCB38262A564B00036B3E /* Prenom AfricainsSlowTests */ = {
			isa = PBXNativeTarget;
			buildConfigurationList = 15ABCB42262A564B00036B3E /* Build configuration list for PBXNativeTarget "Prenom AfricainsSlowTests" */;
			buildPhases = (
				15ABCB35262A564B00036B3E /* Sources */,
				15ABCB36262A564B00036B3E /* Frameworks */,
				15ABCB37262A564B00036B3E /* Resources */,
			);
			buildRules = (
			);
			dependencies = (
				15ABCB3F262A564B00036B3E /* PBXTargetDependency */,
			);
			name = "Prenom AfricainsSlowTests";
			productName = "Prenom AfricainsSlowTests";
			productReference = 15ABCB39262A564B00036B3E /* Prenom AfricainsSlowTests.xctest */;
			productType = "com.apple.product-type.bundle.unit-test";
		};
/* End PBXNativeTarget section */

/* Begin PBXProject section */
		156F0AD62608172F0076AB4B /* Project object */ = {
			isa = PBXProject;
			attributes = {
				LastSwiftUpdateCheck = 1240;
				LastUpgradeCheck = 1400;
				TargetAttributes = {
					156F0ADD2608172F0076AB4B = {
						CreatedOnToolsVersion = 12.4;
					};
					156F0AEE260817300076AB4B = {
						CreatedOnToolsVersion = 12.4;
						TestTargetID = 156F0ADD2608172F0076AB4B;
					};
					156F0AF9260817300076AB4B = {
						CreatedOnToolsVersion = 12.4;
						TestTargetID = 156F0ADD2608172F0076AB4B;
					};
					15ABCB38262A564B00036B3E = {
						CreatedOnToolsVersion = 12.4;
						TestTargetID = 156F0ADD2608172F0076AB4B;
					};
				};
			};
			buildConfigurationList = 156F0AD92608172F0076AB4B /* Build configuration list for PBXProject "Prenom Africains" */;
			compatibilityVersion = "Xcode 9.3";
			developmentRegion = en;
			hasScannedForEncodings = 0;
			knownRegions = (
				en,
				Base,
				it,
				de,
				fr,
			);
			mainGroup = 156F0AD52608172F0076AB4B;
			packageReferences = (
				156F0B1826081CA60076AB4B /* XCRemoteSwiftPackageReference "lottie-ios" */,
				15BE326C2624D0E700D8DC8D /* XCRemoteSwiftPackageReference "Alamofire" */,
				152F3C472649B53F000D564B /* XCRemoteSwiftPackageReference "SlideOverCard" */,
				15515FC32677D04B009C2BDF /* XCRemoteSwiftPackageReference "realm-cocoa" */,
				15454CC827590D6A00D0B699 /* XCRemoteSwiftPackageReference "L10n-swift" */,
				15EFF4B0290FD10200755906 /* XCRemoteSwiftPackageReference "firebase-ios-sdk" */,
			);
			productRefGroup = 156F0ADF2608172F0076AB4B /* Products */;
			projectDirPath = "";
			projectRoot = "";
			targets = (
				156F0ADD2608172F0076AB4B /* Prenom Africains */,
				156F0AEE260817300076AB4B /* Prenom AfricainsTests */,
				156F0AF9260817300076AB4B /* Prenom AfricainsUITests */,
				15ABCB38262A564B00036B3E /* Prenom AfricainsSlowTests */,
			);
		};
/* End PBXProject section */

/* Begin PBXResourcesBuildPhase section */
		156F0ADC2608172F0076AB4B /* Resources */ = {
			isa = PBXResourcesBuildPhase;
			buildActionMask = 2147483647;
			files = (
				15EFF4AF290FCDCD00755906 /* GoogleService-Info.plist in Resources */,
				15A134BC272476EB0019AE90 /* md-male-select.json in Resources */,
				156F0B2226081D6C0076AB4B /* sound.json in Resources */,
				156F0AE9260817300076AB4B /* Preview Assets.xcassets in Resources */,
				15D4A12E2723752000D8BCA4 /* md-female-select.json in Resources */,
				157FFA51273EB9300037E32A /* noresults.json in Resources */,
				15F8801927408CC400766E30 /* Localizable.strings in Resources */,
				15515FCC2677E35F009C2BDF /* MOCK_DATA.json in Resources */,
				157FFA59273F14410037E32A /* heart_like.json in Resources */,
				1544144F264F52BD00BA6887 /* Colors.xcassets in Resources */,
				157FFA5D273F252B0037E32A /* loading-rainbow.json in Resources */,
				157FFA5B273F15D40037E32A /* heart_like_white.json in Resources */,
				156F0AE6260817300076AB4B /* Assets.xcassets in Resources */,
			);
			runOnlyForDeploymentPostprocessing = 0;
		};
		156F0AED260817300076AB4B /* Resources */ = {
			isa = PBXResourcesBuildPhase;
			buildActionMask = 2147483647;
			files = (
			);
			runOnlyForDeploymentPostprocessing = 0;
		};
		156F0AF8260817300076AB4B /* Resources */ = {
			isa = PBXResourcesBuildPhase;
			buildActionMask = 2147483647;
			files = (
			);
			runOnlyForDeploymentPostprocessing = 0;
		};
		15ABCB37262A564B00036B3E /* Resources */ = {
			isa = PBXResourcesBuildPhase;
			buildActionMask = 2147483647;
			files = (
			);
			runOnlyForDeploymentPostprocessing = 0;
		};
/* End PBXResourcesBuildPhase section */

/* Begin PBXShellScriptBuildPhase section */
		15640717266840A80084908F /* ShellScript */ = {
			isa = PBXShellScriptBuildPhase;
			buildActionMask = 2147483647;
			files = (
			);
			inputFileListPaths = (
			);
			inputPaths = (
			);
			outputFileListPaths = (
			);
			outputPaths = (
			);
			runOnlyForDeploymentPostprocessing = 0;
			shellPath = /bin/sh;
			shellScript = "if which swiftlint >/dev/null; then\n  swiftlint autocorrect && swiftlint\nelse\n  echo \"warning: SwiftLint not installed, download from https://github.com/realm/SwiftLint\"\nfi\n";
		};
		15EFF4B9290FDB4100755906 /* ShellScript */ = {
			isa = PBXShellScriptBuildPhase;
			buildActionMask = 2147483647;
			files = (
			);
			inputFileListPaths = (
			);
			inputPaths = (
				"${DWARF_DSYM_FOLDER_PATH}/${DWARF_DSYM_FILE_NAME}/Contents/Resources/DWARF/${TARGET_NAME}",
				"$(SRCROOT)/$(BUILT_PRODUCTS_DIR)/$(INFOPLIST_PATH)",
			);
			outputFileListPaths = (
			);
			outputPaths = (
			);
			runOnlyForDeploymentPostprocessing = 0;
			shellPath = /bin/sh;
			shellScript = "\"${BUILD_DIR%/Build/*}/SourcePackages/checkouts/firebase-ios-sdk/Crashlytics/run\"\n";
		};
/* End PBXShellScriptBuildPhase section */

/* Begin PBXSourcesBuildPhase section */
		156F0ADA2608172F0076AB4B /* Sources */ = {
			isa = PBXSourcesBuildPhase;
			buildActionMask = 2147483647;
			files = (
				15515FC92677D423009C2BDF /* FirstnameDB.swift in Sources */,
				15645E86263B54E20017E8B7 /* AdaptiveView.swift in Sources */,
				1535635E2739BDCD007B1959 /* FavoriteListViewModel.swift in Sources */,
				15ABCB48262A59B600036B3E /* NetworkMonitor.swift in Sources */,
				15E8DE49266366390036A99F /* SearchScreenViewModel.swift in Sources */,
				1535635C2739BABC007B1959 /* FavoriteListScreen.swift in Sources */,
				15CE568028E893D400F09FE3 /* PrintOption.swift in Sources */,
				15CAC5252646ECF1007E838C /* ChipsOptionView.swift in Sources */,
				15FC2A4B2648A10B0025BCF3 /* SlidingOverCard.swift in Sources */,
				152F3C4B264C6F71000D564B /* SearchBarButton.swift in Sources */,
				1598AA8A28D6291500CB600A /* AuthentificationService.swift in Sources */,
				15E052CD275047C800C38715 /* Configuration.swift in Sources */,
				15D167222751CB7A00992D7C /* UIDevice.swift in Sources */,
				151A063926E27F9800F8760D /* DataRepository.swift in Sources */,
				15300A88266C1F47000AAAF6 /* SearchCriteria.swift in Sources */,
				15EA7DE0260921A0006BC8F2 /* MenuView.swift in Sources */,
				157FFA57273EF2BF0037E32A /* WaveShape.swift in Sources */,
				15A134BF272572D80019AE90 /* FirstNameApiService.swift in Sources */,
				151297BE28FB0B98000BB26C /* ContentViewModel.swift in Sources */,
				15E052CF2750492700C38715 /* ParamViewModel.swift in Sources */,
				157FFA55273ED3540037E32A /* FilterChip.swift in Sources */,
				15F8801427404D8200766E30 /* CountryLibrary.swift in Sources */,
				15CAC5212646D7F7007E838C /* SearchBarView.swift in Sources */,
				15EA7DE6260933C8006BC8F2 /* Gender.swift in Sources */,
				15F880182740514900766E30 /* ParamScreen.swift in Sources */,
				15AA134C2751467200EB98FE /* PopoverView.swift in Sources */,
				15515FCE2677E39A009C2BDF /* FirstnamesMock.swift in Sources */,
				15CE567C28E8690700F09FE3 /* AuthToken.swift in Sources */,
				15E8DE472663093B0036A99F /* ChipsView.swift in Sources */,
				15CE567628E8568200F09FE3 /* LoginPayload.swift in Sources */,
				15CAC5232646E837007E838C /* SearchScreen.swift in Sources */,
				15CE567828E858CF00F09FE3 /* KeychainManager.swift in Sources */,
				15E8DE45266308DE0036A99F /* ChipsDataModel.swift in Sources */,
				15EA7DF026094112006BC8F2 /* FirstNameViewModel.swift in Sources */,
				152CDB60266FEB1F003B65C4 /* LegacyTextField.swift in Sources */,
				15061FE52725E1B80022CBBB /* Size.swift in Sources */,
				156F0B32260825910076AB4B /* MainScreen.swift in Sources */,
				156F0B11260817690076AB4B /* CircleFirstName.swift in Sources */,
				15F880102740285500766E30 /* ShareButtonView.swift in Sources */,
				156F0AE42608172F0076AB4B /* ContentView.swift in Sources */,
				156F0AE22608172F0076AB4B /* PrenomAfricainsApp.swift in Sources */,
				15FC2A4D2648A12F0025BCF3 /* Handle.swift in Sources */,
				15CE567428E84A3700F09FE3 /* LoginResponse.swift in Sources */,
				157FFA53273EC50E0037E32A /* ArrayExtension.swift in Sources */,
				156F0B2726081DA40076AB4B /* LottieView.swift in Sources */,
				1587CC31273FF0DB0007B89A /* UIColorExtension.swift in Sources */,
				156F0B2C260821470076AB4B /* DescriptionView.swift in Sources */,
				1598AA8828D61D7500CB600A /* RequestInterceptor.swift in Sources */,
				15640716266836830084908F /* Vibration.swift in Sources */,
				1587CC2F273FEF220007B89A /* ViewExtension.swift in Sources */,
				15645E88263B5B8B0017E8B7 /* LandscapeModifier.swift in Sources */,
				1539F18026E4ED67009889B5 /* FirstnameDataModel.swift in Sources */,
			);
			runOnlyForDeploymentPostprocessing = 0;
		};
		156F0AEB260817300076AB4B /* Sources */ = {
			isa = PBXSourcesBuildPhase;
			buildActionMask = 2147483647;
			files = (
				15F8801627404DC600766E30 /* CountryLibraryTest.swift in Sources */,
				15E052C7275046BD00C38715 /* FavoriteListViewModelTest.swift in Sources */,
				1588BCDB273D512000F91E42 /* FirstNameViewModelTests.swift in Sources */,
				15E052C9275046E300C38715 /* SearchScreenViewModelTest.swift in Sources */,
				1588BCDD273D571400F91E42 /* DataRepositoryTest.swift in Sources */,
				1588BCDF273DFE1900F91E42 /* FirstnameApiServiceTests.swift in Sources */,
				1588BCE3273E00CC00F91E42 /* MockURLProtocol.swift in Sources */,
			);
			runOnlyForDeploymentPostprocessing = 0;
		};
		156F0AF6260817300076AB4B /* Sources */ = {
			isa = PBXSourcesBuildPhase;
			buildActionMask = 2147483647;
			files = (
				156F0AFF260817300076AB4B /* PrenomAfricainsUITests.swift in Sources */,
			);
			runOnlyForDeploymentPostprocessing = 0;
		};
		15ABCB35262A564B00036B3E /* Sources */ = {
			isa = PBXSourcesBuildPhase;
			buildActionMask = 2147483647;
			files = (
				15ABCB3C262A564B00036B3E /* PrenomAfricainsSlowTests.swift in Sources */,
			);
			runOnlyForDeploymentPostprocessing = 0;
		};
/* End PBXSourcesBuildPhase section */

/* Begin PBXTargetDependency section */
		156F0AF1260817300076AB4B /* PBXTargetDependency */ = {
			isa = PBXTargetDependency;
			target = 156F0ADD2608172F0076AB4B /* Prenom Africains */;
			targetProxy = 156F0AF0260817300076AB4B /* PBXContainerItemProxy */;
		};
		156F0AFC260817300076AB4B /* PBXTargetDependency */ = {
			isa = PBXTargetDependency;
			target = 156F0ADD2608172F0076AB4B /* Prenom Africains */;
			targetProxy = 156F0AFB260817300076AB4B /* PBXContainerItemProxy */;
		};
		15ABCB3F262A564B00036B3E /* PBXTargetDependency */ = {
			isa = PBXTargetDependency;
			target = 156F0ADD2608172F0076AB4B /* Prenom Africains */;
			targetProxy = 15ABCB3E262A564B00036B3E /* PBXContainerItemProxy */;
		};
/* End PBXTargetDependency section */

/* Begin PBXVariantGroup section */
		15F8801B27408CC400766E30 /* Localizable.strings */ = {
			isa = PBXVariantGroup;
			children = (
				15F8801A27408CC400766E30 /* en */,
				15F8801C27408CC800766E30 /* fr */,
				15F8801D27408CD400766E30 /* de */,
				15F8801E27408CD500766E30 /* it */,
			);
			name = Localizable.strings;
			sourceTree = "<group>";
		};
/* End PBXVariantGroup section */

/* Begin XCBuildConfiguration section */
		156F0B01260817300076AB4B /* Debug */ = {
			isa = XCBuildConfiguration;
			baseConfigurationReference = 15E052CA2750473600C38715 /* Dev.xcconfig */;
			buildSettings = {
				ALWAYS_SEARCH_USER_PATHS = NO;
				CLANG_ANALYZER_LOCALIZABILITY_NONLOCALIZED = YES;
				CLANG_ANALYZER_NONNULL = YES;
				CLANG_ANALYZER_NUMBER_OBJECT_CONVERSION = YES_AGGRESSIVE;
				CLANG_CXX_LANGUAGE_STANDARD = "gnu++14";
				CLANG_CXX_LIBRARY = "libc++";
				CLANG_ENABLE_MODULES = YES;
				CLANG_ENABLE_OBJC_ARC = YES;
				CLANG_ENABLE_OBJC_WEAK = YES;
				CLANG_WARN_BLOCK_CAPTURE_AUTORELEASING = YES;
				CLANG_WARN_BOOL_CONVERSION = YES;
				CLANG_WARN_COMMA = YES;
				CLANG_WARN_CONSTANT_CONVERSION = YES;
				CLANG_WARN_DEPRECATED_OBJC_IMPLEMENTATIONS = YES;
				CLANG_WARN_DIRECT_OBJC_ISA_USAGE = YES_ERROR;
				CLANG_WARN_DOCUMENTATION_COMMENTS = YES;
				CLANG_WARN_EMPTY_BODY = YES;
				CLANG_WARN_ENUM_CONVERSION = YES;
				CLANG_WARN_INFINITE_RECURSION = YES;
				CLANG_WARN_INT_CONVERSION = YES;
				CLANG_WARN_NON_LITERAL_NULL_CONVERSION = YES;
				CLANG_WARN_OBJC_IMPLICIT_RETAIN_SELF = YES;
				CLANG_WARN_OBJC_LITERAL_CONVERSION = YES;
				CLANG_WARN_OBJC_ROOT_CLASS = YES_ERROR;
				CLANG_WARN_QUOTED_INCLUDE_IN_FRAMEWORK_HEADER = YES;
				CLANG_WARN_RANGE_LOOP_ANALYSIS = YES;
				CLANG_WARN_STRICT_PROTOTYPES = YES;
				CLANG_WARN_SUSPICIOUS_MOVE = YES;
				CLANG_WARN_UNGUARDED_AVAILABILITY = YES_AGGRESSIVE;
				CLANG_WARN_UNREACHABLE_CODE = YES;
				CLANG_WARN__DUPLICATE_METHOD_MATCH = YES;
				COPY_PHASE_STRIP = NO;
				DEBUG_INFORMATION_FORMAT = dwarf;
				ENABLE_STRICT_OBJC_MSGSEND = YES;
				ENABLE_TESTABILITY = YES;
				GCC_C_LANGUAGE_STANDARD = gnu11;
				GCC_DYNAMIC_NO_PIC = NO;
				GCC_NO_COMMON_BLOCKS = YES;
				GCC_OPTIMIZATION_LEVEL = 0;
				GCC_PREPROCESSOR_DEFINITIONS = (
					"DEBUG=1",
					"$(inherited)",
				);
				GCC_WARN_64_TO_32_BIT_CONVERSION = YES;
				GCC_WARN_ABOUT_RETURN_TYPE = YES_ERROR;
				GCC_WARN_UNDECLARED_SELECTOR = YES;
				GCC_WARN_UNINITIALIZED_AUTOS = YES_AGGRESSIVE;
				GCC_WARN_UNUSED_FUNCTION = YES;
				GCC_WARN_UNUSED_VARIABLE = YES;
				IPHONEOS_DEPLOYMENT_TARGET = 15.0;
				MTL_ENABLE_DEBUG_INFO = INCLUDE_SOURCE;
				MTL_FAST_MATH = YES;
				ONLY_ACTIVE_ARCH = YES;
				SDKROOT = iphoneos;
				SWIFT_ACTIVE_COMPILATION_CONDITIONS = DEBUG;
				SWIFT_OPTIMIZATION_LEVEL = "-Onone";
			};
			name = Debug;
		};
		156F0B02260817300076AB4B /* Release */ = {
			isa = XCBuildConfiguration;
			baseConfigurationReference = 15E052CB2750474F00C38715 /* Release.xcconfig */;
			buildSettings = {
				ALWAYS_SEARCH_USER_PATHS = NO;
				CLANG_ANALYZER_LOCALIZABILITY_NONLOCALIZED = YES;
				CLANG_ANALYZER_NONNULL = YES;
				CLANG_ANALYZER_NUMBER_OBJECT_CONVERSION = YES_AGGRESSIVE;
				CLANG_CXX_LANGUAGE_STANDARD = "gnu++14";
				CLANG_CXX_LIBRARY = "libc++";
				CLANG_ENABLE_MODULES = YES;
				CLANG_ENABLE_OBJC_ARC = YES;
				CLANG_ENABLE_OBJC_WEAK = YES;
				CLANG_WARN_BLOCK_CAPTURE_AUTORELEASING = YES;
				CLANG_WARN_BOOL_CONVERSION = YES;
				CLANG_WARN_COMMA = YES;
				CLANG_WARN_CONSTANT_CONVERSION = YES;
				CLANG_WARN_DEPRECATED_OBJC_IMPLEMENTATIONS = YES;
				CLANG_WARN_DIRECT_OBJC_ISA_USAGE = YES_ERROR;
				CLANG_WARN_DOCUMENTATION_COMMENTS = YES;
				CLANG_WARN_EMPTY_BODY = YES;
				CLANG_WARN_ENUM_CONVERSION = YES;
				CLANG_WARN_INFINITE_RECURSION = YES;
				CLANG_WARN_INT_CONVERSION = YES;
				CLANG_WARN_NON_LITERAL_NULL_CONVERSION = YES;
				CLANG_WARN_OBJC_IMPLICIT_RETAIN_SELF = YES;
				CLANG_WARN_OBJC_LITERAL_CONVERSION = YES;
				CLANG_WARN_OBJC_ROOT_CLASS = YES_ERROR;
				CLANG_WARN_QUOTED_INCLUDE_IN_FRAMEWORK_HEADER = YES;
				CLANG_WARN_RANGE_LOOP_ANALYSIS = YES;
				CLANG_WARN_STRICT_PROTOTYPES = YES;
				CLANG_WARN_SUSPICIOUS_MOVE = YES;
				CLANG_WARN_UNGUARDED_AVAILABILITY = YES_AGGRESSIVE;
				CLANG_WARN_UNREACHABLE_CODE = YES;
				CLANG_WARN__DUPLICATE_METHOD_MATCH = YES;
				COPY_PHASE_STRIP = NO;
				DEBUG_INFORMATION_FORMAT = "dwarf-with-dsym";
				ENABLE_NS_ASSERTIONS = NO;
				ENABLE_STRICT_OBJC_MSGSEND = YES;
				GCC_C_LANGUAGE_STANDARD = gnu11;
				GCC_NO_COMMON_BLOCKS = YES;
				GCC_WARN_64_TO_32_BIT_CONVERSION = YES;
				GCC_WARN_ABOUT_RETURN_TYPE = YES_ERROR;
				GCC_WARN_UNDECLARED_SELECTOR = YES;
				GCC_WARN_UNINITIALIZED_AUTOS = YES_AGGRESSIVE;
				GCC_WARN_UNUSED_FUNCTION = YES;
				GCC_WARN_UNUSED_VARIABLE = YES;
				IPHONEOS_DEPLOYMENT_TARGET = 15.0;
				MTL_ENABLE_DEBUG_INFO = NO;
				MTL_FAST_MATH = YES;
				SDKROOT = iphoneos;
				SWIFT_COMPILATION_MODE = wholemodule;
				SWIFT_OPTIMIZATION_LEVEL = "-O";
				VALIDATE_PRODUCT = YES;
			};
			name = Release;
		};
		156F0B04260817300076AB4B /* Debug */ = {
			isa = XCBuildConfiguration;
			buildSettings = {
				APP_DISPLAY_NAME = "DEV Prénoms Africains";
				ASSETCATALOG_COMPILER_APPICON_NAME = AppIcon;
				ASSETCATALOG_COMPILER_GLOBAL_ACCENT_COLOR_NAME = AccentColor;
				CODE_SIGN_ENTITLEMENTS = "Prenom Africains/Prenom Africains.entitlements";
				CODE_SIGN_STYLE = Automatic;
				CURRENT_PROJECT_VERSION = 1;
				DEAD_CODE_STRIPPING = YES;
				DEVELOPMENT_ASSET_PATHS = "\"Prenom Africains/Preview Content\"";
				DEVELOPMENT_TEAM = 6NTQ2Y43QX;
				ENABLE_PREVIEWS = YES;
				INFOPLIST_FILE = "Prenom Africains/Info.plist";
				INFOPLIST_KEY_CFBundleDisplayName = "African Names Dev";
				INFOPLIST_KEY_LSApplicationCategoryType = "public.app-category.reference";
				IPHONEOS_DEPLOYMENT_TARGET = 15.0;
				LD_RUNPATH_SEARCH_PATHS = (
					"$(inherited)",
					"@executable_path/Frameworks",
				);
				MARKETING_VERSION = 1;
				PRODUCT_BUNDLE_IDENTIFIER = "com.tooflexdev.Prenom-Africains.debug";
				PRODUCT_NAME = "$(TARGET_NAME)";
				SWIFT_EMIT_LOC_STRINGS = YES;
				SWIFT_VERSION = 5.0;
				TARGETED_DEVICE_FAMILY = "1,2";
			};
			name = Debug;
		};
		156F0B05260817300076AB4B /* Release */ = {
			isa = XCBuildConfiguration;
			buildSettings = {
				APP_DISPLAY_NAME = "Prénoms Africains";
				ASSETCATALOG_COMPILER_APPICON_NAME = AppIcon;
				ASSETCATALOG_COMPILER_GLOBAL_ACCENT_COLOR_NAME = AccentColor;
				CODE_SIGN_ENTITLEMENTS = "Prenom Africains/Prenom Africains.entitlements";
				CODE_SIGN_STYLE = Automatic;
				CURRENT_PROJECT_VERSION = 1;
				DEAD_CODE_STRIPPING = YES;
				DEVELOPMENT_ASSET_PATHS = "\"Prenom Africains/Preview Content\"";
				DEVELOPMENT_TEAM = 6NTQ2Y43QX;
				ENABLE_PREVIEWS = YES;
				INFOPLIST_FILE = "Prenom Africains/Info.plist";
				INFOPLIST_KEY_CFBundleDisplayName = "African Names";
				INFOPLIST_KEY_LSApplicationCategoryType = "public.app-category.reference";
				IPHONEOS_DEPLOYMENT_TARGET = 15.0;
				LD_RUNPATH_SEARCH_PATHS = (
					"$(inherited)",
					"@executable_path/Frameworks",
				);
				MARKETING_VERSION = 1;
				PRODUCT_BUNDLE_IDENTIFIER = "com.tooflexdev.Prenom-Africains";
				PRODUCT_NAME = "$(TARGET_NAME)";
				SWIFT_EMIT_LOC_STRINGS = YES;
				SWIFT_VERSION = 5.0;
				TARGETED_DEVICE_FAMILY = "1,2";
			};
			name = Release;
		};
		156F0B07260817300076AB4B /* Debug */ = {
			isa = XCBuildConfiguration;
			buildSettings = {
				ALWAYS_EMBED_SWIFT_STANDARD_LIBRARIES = YES;
				BUNDLE_LOADER = "$(TEST_HOST)";
				CODE_SIGN_STYLE = Automatic;
				DEAD_CODE_STRIPPING = YES;
				DEVELOPMENT_TEAM = 6NTQ2Y43QX;
				INFOPLIST_FILE = "Prenom AfricainsTests/Info.plist";
				IPHONEOS_DEPLOYMENT_TARGET = 15.0;
				LD_RUNPATH_SEARCH_PATHS = (
					"$(inherited)",
					"@executable_path/Frameworks",
					"@loader_path/Frameworks",
				);
				PRODUCT_BUNDLE_IDENTIFIER = "com.tooflexdev.Prenom-AfricainsTests";
				PRODUCT_NAME = "$(TARGET_NAME)";
				SWIFT_VERSION = 5.0;
				TARGETED_DEVICE_FAMILY = "1,2";
				TEST_HOST = "$(BUILT_PRODUCTS_DIR)/Prenom Africains.app/Prenom Africains";
			};
			name = Debug;
		};
		156F0B08260817300076AB4B /* Release */ = {
			isa = XCBuildConfiguration;
			buildSettings = {
				ALWAYS_EMBED_SWIFT_STANDARD_LIBRARIES = YES;
				BUNDLE_LOADER = "$(TEST_HOST)";
				CODE_SIGN_STYLE = Automatic;
				DEAD_CODE_STRIPPING = YES;
				DEVELOPMENT_TEAM = 6NTQ2Y43QX;
				INFOPLIST_FILE = "Prenom AfricainsTests/Info.plist";
				IPHONEOS_DEPLOYMENT_TARGET = 15.0;
				LD_RUNPATH_SEARCH_PATHS = (
					"$(inherited)",
					"@executable_path/Frameworks",
					"@loader_path/Frameworks",
				);
				PRODUCT_BUNDLE_IDENTIFIER = "com.tooflexdev.Prenom-AfricainsTests";
				PRODUCT_NAME = "$(TARGET_NAME)";
				SWIFT_VERSION = 5.0;
				TARGETED_DEVICE_FAMILY = "1,2";
				TEST_HOST = "$(BUILT_PRODUCTS_DIR)/Prenom Africains.app/Prenom Africains";
			};
			name = Release;
		};
		156F0B0A260817300076AB4B /* Debug */ = {
			isa = XCBuildConfiguration;
			buildSettings = {
				ALWAYS_EMBED_SWIFT_STANDARD_LIBRARIES = YES;
				CODE_SIGN_STYLE = Automatic;
				DEAD_CODE_STRIPPING = YES;
				DEVELOPMENT_TEAM = 6NTQ2Y43QX;
				INFOPLIST_FILE = "Prenom AfricainsUITests/Info.plist";
				LD_RUNPATH_SEARCH_PATHS = (
					"$(inherited)",
					"@executable_path/Frameworks",
					"@loader_path/Frameworks",
				);
				PRODUCT_BUNDLE_IDENTIFIER = "com.tooflexdev.Prenom-AfricainsUITests";
				PRODUCT_NAME = "$(TARGET_NAME)";
				SWIFT_VERSION = 5.0;
				TARGETED_DEVICE_FAMILY = "1,2";
				TEST_TARGET_NAME = "Prenom Africains";
			};
			name = Debug;
		};
		156F0B0B260817300076AB4B /* Release */ = {
			isa = XCBuildConfiguration;
			buildSettings = {
				ALWAYS_EMBED_SWIFT_STANDARD_LIBRARIES = YES;
				CODE_SIGN_STYLE = Automatic;
				DEAD_CODE_STRIPPING = YES;
				DEVELOPMENT_TEAM = 6NTQ2Y43QX;
				INFOPLIST_FILE = "Prenom AfricainsUITests/Info.plist";
				LD_RUNPATH_SEARCH_PATHS = (
					"$(inherited)",
					"@executable_path/Frameworks",
					"@loader_path/Frameworks",
				);
				PRODUCT_BUNDLE_IDENTIFIER = "com.tooflexdev.Prenom-AfricainsUITests";
				PRODUCT_NAME = "$(TARGET_NAME)";
				SWIFT_VERSION = 5.0;
				TARGETED_DEVICE_FAMILY = "1,2";
				TEST_TARGET_NAME = "Prenom Africains";
			};
			name = Release;
		};
		15ABCB40262A564B00036B3E /* Debug */ = {
			isa = XCBuildConfiguration;
			buildSettings = {
				BUNDLE_LOADER = "$(TEST_HOST)";
				CODE_SIGN_STYLE = Automatic;
				DEAD_CODE_STRIPPING = YES;
				DEVELOPMENT_TEAM = 6NTQ2Y43QX;
				INFOPLIST_FILE = "Prenom AfricainsSlowTests/Info.plist";
				LD_RUNPATH_SEARCH_PATHS = (
					"$(inherited)",
					"@executable_path/Frameworks",
					"@loader_path/Frameworks",
				);
				PRODUCT_BUNDLE_IDENTIFIER = "com.tooflexdev.Prenom-AfricainsSlowTests";
				PRODUCT_NAME = "$(TARGET_NAME)";
				SWIFT_VERSION = 5.0;
				TARGETED_DEVICE_FAMILY = "1,2";
				TEST_HOST = "$(BUILT_PRODUCTS_DIR)/Prenom Africains.app/Prenom Africains";
			};
			name = Debug;
		};
		15ABCB41262A564B00036B3E /* Release */ = {
			isa = XCBuildConfiguration;
			buildSettings = {
				BUNDLE_LOADER = "$(TEST_HOST)";
				CODE_SIGN_STYLE = Automatic;
				DEAD_CODE_STRIPPING = YES;
				DEVELOPMENT_TEAM = 6NTQ2Y43QX;
				INFOPLIST_FILE = "Prenom AfricainsSlowTests/Info.plist";
				LD_RUNPATH_SEARCH_PATHS = (
					"$(inherited)",
					"@executable_path/Frameworks",
					"@loader_path/Frameworks",
				);
				PRODUCT_BUNDLE_IDENTIFIER = "com.tooflexdev.Prenom-AfricainsSlowTests";
				PRODUCT_NAME = "$(TARGET_NAME)";
				SWIFT_VERSION = 5.0;
				TARGETED_DEVICE_FAMILY = "1,2";
				TEST_HOST = "$(BUILT_PRODUCTS_DIR)/Prenom Africains.app/Prenom Africains";
			};
			name = Release;
		};
/* End XCBuildConfiguration section */

/* Begin XCConfigurationList section */
		156F0AD92608172F0076AB4B /* Build configuration list for PBXProject "Prenom Africains" */ = {
			isa = XCConfigurationList;
			buildConfigurations = (
				156F0B01260817300076AB4B /* Debug */,
				156F0B02260817300076AB4B /* Release */,
			);
			defaultConfigurationIsVisible = 0;
			defaultConfigurationName = Release;
		};
		156F0B03260817300076AB4B /* Build configuration list for PBXNativeTarget "Prenom Africains" */ = {
			isa = XCConfigurationList;
			buildConfigurations = (
				156F0B04260817300076AB4B /* Debug */,
				156F0B05260817300076AB4B /* Release */,
			);
			defaultConfigurationIsVisible = 0;
			defaultConfigurationName = Release;
		};
		156F0B06260817300076AB4B /* Build configuration list for PBXNativeTarget "Prenom AfricainsTests" */ = {
			isa = XCConfigurationList;
			buildConfigurations = (
				156F0B07260817300076AB4B /* Debug */,
				156F0B08260817300076AB4B /* Release */,
			);
			defaultConfigurationIsVisible = 0;
			defaultConfigurationName = Release;
		};
		156F0B09260817300076AB4B /* Build configuration list for PBXNativeTarget "Prenom AfricainsUITests" */ = {
			isa = XCConfigurationList;
			buildConfigurations = (
				156F0B0A260817300076AB4B /* Debug */,
				156F0B0B260817300076AB4B /* Release */,
			);
			defaultConfigurationIsVisible = 0;
			defaultConfigurationName = Release;
		};
		15ABCB42262A564B00036B3E /* Build configuration list for PBXNativeTarget "Prenom AfricainsSlowTests" */ = {
			isa = XCConfigurationList;
			buildConfigurations = (
				15ABCB40262A564B00036B3E /* Debug */,
				15ABCB41262A564B00036B3E /* Release */,
			);
			defaultConfigurationIsVisible = 0;
			defaultConfigurationName = Release;
		};
/* End XCConfigurationList section */

/* Begin XCRemoteSwiftPackageReference section */
		152F3C472649B53F000D564B /* XCRemoteSwiftPackageReference "SlideOverCard" */ = {
			isa = XCRemoteSwiftPackageReference;
			repositoryURL = "https://github.com/joogps/SlideOverCard";
			requirement = {
				kind = upToNextMajorVersion;
				minimumVersion = 2.0.0;
			};
		};
		15454CC827590D6A00D0B699 /* XCRemoteSwiftPackageReference "L10n-swift" */ = {
			isa = XCRemoteSwiftPackageReference;
			repositoryURL = "https://github.com/Decybel07/L10n-swift";
			requirement = {
				kind = upToNextMajorVersion;
				minimumVersion = 5.0.0;
			};
		};
		15515FC32677D04B009C2BDF /* XCRemoteSwiftPackageReference "realm-cocoa" */ = {
			isa = XCRemoteSwiftPackageReference;
			repositoryURL = "https://github.com/realm/realm-cocoa.git";
			requirement = {
				kind = upToNextMajorVersion;
				minimumVersion = 5.0.0;
			};
		};
		156F0B1826081CA60076AB4B /* XCRemoteSwiftPackageReference "lottie-ios" */ = {
			isa = XCRemoteSwiftPackageReference;
			repositoryURL = "https://github.com/airbnb/lottie-ios";
			requirement = {
				kind = upToNextMajorVersion;
				minimumVersion = 3.2.1;
			};
		};
		15BE326C2624D0E700D8DC8D /* XCRemoteSwiftPackageReference "Alamofire" */ = {
			isa = XCRemoteSwiftPackageReference;
			repositoryURL = "https://github.com/Alamofire/Alamofire";
			requirement = {
				kind = upToNextMajorVersion;
				minimumVersion = 5.4.2;
			};
		};
		15EFF4B0290FD10200755906 /* XCRemoteSwiftPackageReference "firebase-ios-sdk" */ = {
			isa = XCRemoteSwiftPackageReference;
			repositoryURL = "https://github.com/firebase/firebase-ios-sdk";
			requirement = {
				kind = upToNextMajorVersion;
				minimumVersion = 9.0.0;
			};
		};
/* End XCRemoteSwiftPackageReference section */

/* Begin XCSwiftPackageProductDependency section */
		152F3C482649B53F000D564B /* SlideOverCard */ = {
			isa = XCSwiftPackageProductDependency;
			package = 152F3C472649B53F000D564B /* XCRemoteSwiftPackageReference "SlideOverCard" */;
			productName = SlideOverCard;
		};
		15454CC927590D6A00D0B699 /* L10n-swift */ = {
			isa = XCSwiftPackageProductDependency;
			package = 15454CC827590D6A00D0B699 /* XCRemoteSwiftPackageReference "L10n-swift" */;
			productName = "L10n-swift";
		};
		15515FC42677D04B009C2BDF /* Realm */ = {
			isa = XCSwiftPackageProductDependency;
			package = 15515FC32677D04B009C2BDF /* XCRemoteSwiftPackageReference "realm-cocoa" */;
			productName = Realm;
		};
		15515FC62677D04B009C2BDF /* RealmSwift */ = {
			isa = XCSwiftPackageProductDependency;
			package = 15515FC32677D04B009C2BDF /* XCRemoteSwiftPackageReference "realm-cocoa" */;
			productName = RealmSwift;
		};
		156F0B1926081CA60076AB4B /* Lottie */ = {
			isa = XCSwiftPackageProductDependency;
			package = 156F0B1826081CA60076AB4B /* XCRemoteSwiftPackageReference "lottie-ios" */;
			productName = Lottie;
		};
		15BE326D2624D0E700D8DC8D /* Alamofire */ = {
			isa = XCSwiftPackageProductDependency;
			package = 15BE326C2624D0E700D8DC8D /* XCRemoteSwiftPackageReference "Alamofire" */;
			productName = Alamofire;
		};
		15EFF4B1290FD10200755906 /* FirebaseAnalyticsSwift */ = {
			isa = XCSwiftPackageProductDependency;
			package = 15EFF4B0290FD10200755906 /* XCRemoteSwiftPackageReference "firebase-ios-sdk" */;
			productName = FirebaseAnalyticsSwift;
		};
		15EFF4B3290FD10200755906 /* FirebaseCrashlytics */ = {
			isa = XCSwiftPackageProductDependency;
			package = 15EFF4B0290FD10200755906 /* XCRemoteSwiftPackageReference "firebase-ios-sdk" */;
			productName = FirebaseCrashlytics;
		};
		15EFF4B5290FD10200755906 /* FirebaseDynamicLinks */ = {
			isa = XCSwiftPackageProductDependency;
			package = 15EFF4B0290FD10200755906 /* XCRemoteSwiftPackageReference "firebase-ios-sdk" */;
			productName = FirebaseDynamicLinks;
		};
		15EFF4B7290FD10200755906 /* FirebaseRemoteConfigSwift */ = {
			isa = XCSwiftPackageProductDependency;
			package = 15EFF4B0290FD10200755906 /* XCRemoteSwiftPackageReference "firebase-ios-sdk" */;
			productName = FirebaseRemoteConfigSwift;
		};
/* End XCSwiftPackageProductDependency section */
	};
	rootObject = 156F0AD62608172F0076AB4B /* Project object */;
}
